// !$*UTF8*$!
{
	archiveVersion = 1;
	classes = {
	};
	objectVersion = 52;
	objects = {

/* Begin PBXBuildFile section */
		9504E6212663786A002B712E /* RemoteRepository.swift in Sources */ = {isa = PBXBuildFile; fileRef = 9504E6202663786A002B712E /* RemoteRepository.swift */; };
		9504E6262665611A002B712E /* FirestoreRepository.swift in Sources */ = {isa = PBXBuildFile; fileRef = 9504E6252665611A002B712E /* FirestoreRepository.swift */; };
		9504E62826656157002B712E /* RepositoryError.swift in Sources */ = {isa = PBXBuildFile; fileRef = 9504E62726656157002B712E /* RepositoryError.swift */; };
		9504E62A2665616F002B712E /* FirestoreDocument.swift in Sources */ = {isa = PBXBuildFile; fileRef = 9504E6292665616F002B712E /* FirestoreDocument.swift */; };
		954A268526154B640034356D /* SpotifyWebService.swift in Sources */ = {isa = PBXBuildFile; fileRef = 954A268426154B640034356D /* SpotifyWebService.swift */; };
		954A2688261566B10034356D /* CurrentlyPlayingResponse.swift in Sources */ = {isa = PBXBuildFile; fileRef = 954A2687261566B10034356D /* CurrentlyPlayingResponse.swift */; };
		954A26972618D7920034356D /* Constants.swift in Sources */ = {isa = PBXBuildFile; fileRef = 954A26962618D7920034356D /* Constants.swift */; };
		954A26A8261AB9D90034356D /* SongTableViewCell.swift in Sources */ = {isa = PBXBuildFile; fileRef = 954A26A7261AB9D90034356D /* SongTableViewCell.swift */; };
		955A52B326A7FFA1004B01B4 /* MusicPlayerStateService.swift in Sources */ = {isa = PBXBuildFile; fileRef = 955A52B226A7FFA1004B01B4 /* MusicPlayerStateService.swift */; };
		955A52B526A8ED0D004B01B4 /* SettingsViewModel.swift in Sources */ = {isa = PBXBuildFile; fileRef = 955A52B426A8ED0D004B01B4 /* SettingsViewModel.swift */; };
		955A52B726A8FB80004B01B4 /* PlayerViewModel.swift in Sources */ = {isa = PBXBuildFile; fileRef = 955A52B626A8FB80004B01B4 /* PlayerViewModel.swift */; };
		955A52B926A94880004B01B4 /* PlayerViewController.swift in Sources */ = {isa = PBXBuildFile; fileRef = 955A52B826A94880004B01B4 /* PlayerViewController.swift */; };
		955A52BF26AC2066004B01B4 /* Queueing.swift in Sources */ = {isa = PBXBuildFile; fileRef = 955A52BE26AC2066004B01B4 /* Queueing.swift */; };
		956640A925CBC57B007794E4 /* SpotifyiOS.framework in Frameworks */ = {isa = PBXBuildFile; fileRef = 956640A825CBC57B007794E4 /* SpotifyiOS.framework */; };
		956640AC25CBC722007794E4 /* SpotifyService-Info.plist in Resources */ = {isa = PBXBuildFile; fileRef = 956640AB25CBC722007794E4 /* SpotifyService-Info.plist */; };
		9568B1CC26B1216500D1DAF4 /* FirebaseAuth in Frameworks */ = {isa = PBXBuildFile; productRef = 9568B1CB26B1216500D1DAF4 /* FirebaseAuth */; };
		9568B1CE26B1216500D1DAF4 /* FirebaseFirestore in Frameworks */ = {isa = PBXBuildFile; productRef = 9568B1CD26B1216500D1DAF4 /* FirebaseFirestore */; };
		9568B1D026B1216500D1DAF4 /* FirebaseFirestoreSwift-Beta in Frameworks */ = {isa = PBXBuildFile; productRef = 9568B1CF26B1216500D1DAF4 /* FirebaseFirestoreSwift-Beta */; };
		9568B1D326B1226100D1DAF4 /* SDWebImage in Frameworks */ = {isa = PBXBuildFile; productRef = 9568B1D226B1226100D1DAF4 /* SDWebImage */; };
		9586D6CF262FF30C00DBE910 /* SettingsTableViewController.swift in Sources */ = {isa = PBXBuildFile; fileRef = 9586D6CE262FF30C00DBE910 /* SettingsTableViewController.swift */; };
		958B339F25C941F8002B8F7E /* HTTPAuthorization.swift in Sources */ = {isa = PBXBuildFile; fileRef = 958B339E25C941F8002B8F7E /* HTTPAuthorization.swift */; };
		958EC56E264F583200337A9E /* UserDefaultsRepository.swift in Sources */ = {isa = PBXBuildFile; fileRef = 958EC56D264F583200337A9E /* UserDefaultsRepository.swift */; };
		958EC571264F68AB00337A9E /* UserDefaultsProperty.swift in Sources */ = {isa = PBXBuildFile; fileRef = 958EC570264F68AB00337A9E /* UserDefaultsProperty.swift */; };
		959CE08826699A2D00ADD5D9 /* AuthViewModel.swift in Sources */ = {isa = PBXBuildFile; fileRef = 959CE08726699A2D00ADD5D9 /* AuthViewModel.swift */; };
		959CE08A2669B70400ADD5D9 /* AuthenticationServiceable.swift in Sources */ = {isa = PBXBuildFile; fileRef = 959CE0892669B70400ADD5D9 /* AuthenticationServiceable.swift */; };
		95A218FF25B67FAD008EA6C7 /* SearchResultsTableViewCell.swift in Sources */ = {isa = PBXBuildFile; fileRef = 95A218FE25B67FAD008EA6C7 /* SearchResultsTableViewCell.swift */; };
		95A2190725B6AF34008EA6C7 /* Song.swift in Sources */ = {isa = PBXBuildFile; fileRef = 95A2190625B6AF34008EA6C7 /* Song.swift */; };
		95A4045C25C3BD8B00F10E36 /* SearcherViewModel.swift in Sources */ = {isa = PBXBuildFile; fileRef = 95A4045B25C3BD8B00F10E36 /* SearcherViewModel.swift */; };
		95A4046025C3EB8800F10E36 /* TokenResponse.swift in Sources */ = {isa = PBXBuildFile; fileRef = 95A4045F25C3EB8800F10E36 /* TokenResponse.swift */; };
		95A4046525C3EBB200F10E36 /* SearchResponse.swift in Sources */ = {isa = PBXBuildFile; fileRef = 95A4046425C3EBB200F10E36 /* SearchResponse.swift */; };
		95A4049025C541F700F10E36 /* SpotifyAccountsAPI.swift in Sources */ = {isa = PBXBuildFile; fileRef = 95A4048F25C541F700F10E36 /* SpotifyAccountsAPI.swift */; };
		95A56298260325A900C9496B /* HTTPError.swift in Sources */ = {isa = PBXBuildFile; fileRef = 95A56297260325A900C9496B /* HTTPError.swift */; };
		95A5629B2604406000C9496B /* SpotifyPlayerAPI.swift in Sources */ = {isa = PBXBuildFile; fileRef = 95A5629A2604406000C9496B /* SpotifyPlayerAPI.swift */; };
		95AF13A9269FDAFA00C79782 /* MusicPlayerServiceable.swift in Sources */ = {isa = PBXBuildFile; fileRef = 95AF13A8269FDAFA00C79782 /* MusicPlayerServiceable.swift */; };
		95AF13AB269FDB2900C79782 /* SpotifyMusicPlayerService.swift in Sources */ = {isa = PBXBuildFile; fileRef = 95AF13AA269FDB2900C79782 /* SpotifyMusicPlayerService.swift */; };
		95AF13AD269FFE8000C79782 /* SpotifyReponseModels.swift in Sources */ = {isa = PBXBuildFile; fileRef = 95AF13AC269FFE8000C79782 /* SpotifyReponseModels.swift */; };
		95AF13B326A51E4F00C79782 /* RoomService.swift in Sources */ = {isa = PBXBuildFile; fileRef = 95AF13B226A51E4F00C79782 /* RoomService.swift */; };
		95AF13B926A51EE500C79782 /* MemberService.swift in Sources */ = {isa = PBXBuildFile; fileRef = 95AF13B826A51EE500C79782 /* MemberService.swift */; };
		95AF13BB26A51EEC00C79782 /* QueueService.swift in Sources */ = {isa = PBXBuildFile; fileRef = 95AF13BA26A51EEC00C79782 /* QueueService.swift */; };
		95AF13C026A5283700C79782 /* MusicBrowserServiceable.swift in Sources */ = {isa = PBXBuildFile; fileRef = 95AF13BF26A5283700C79782 /* MusicBrowserServiceable.swift */; };
		95AF13C226A5284C00C79782 /* SpotifyMusicBrowser.swift in Sources */ = {isa = PBXBuildFile; fileRef = 95AF13C126A5284C00C79782 /* SpotifyMusicBrowser.swift */; };
		95C7715225944C1E00EDF930 /* AppDelegate.swift in Sources */ = {isa = PBXBuildFile; fileRef = 95C7715125944C1E00EDF930 /* AppDelegate.swift */; };
		95C7715425944C1E00EDF930 /* SceneDelegate.swift in Sources */ = {isa = PBXBuildFile; fileRef = 95C7715325944C1E00EDF930 /* SceneDelegate.swift */; };
		95C7715925944C1E00EDF930 /* Main.storyboard in Resources */ = {isa = PBXBuildFile; fileRef = 95C7715725944C1E00EDF930 /* Main.storyboard */; };
		95C7715B25944C1F00EDF930 /* Assets.xcassets in Resources */ = {isa = PBXBuildFile; fileRef = 95C7715A25944C1F00EDF930 /* Assets.xcassets */; };
		95C7715E25944C1F00EDF930 /* LaunchScreen.storyboard in Resources */ = {isa = PBXBuildFile; fileRef = 95C7715C25944C1F00EDF930 /* LaunchScreen.storyboard */; };
		95C7716D2597F07100EDF930 /* GoogleService-Info.plist in Resources */ = {isa = PBXBuildFile; fileRef = 95C7716C2597F07100EDF930 /* GoogleService-Info.plist */; };
		95D00B212635C7450004B833 /* SettingTableViewCell.swift in Sources */ = {isa = PBXBuildFile; fileRef = 95D00B202635C7450004B833 /* SettingTableViewCell.swift */; };
		95D00B242635C7BA0004B833 /* ToggleSettingTableViewCell.swift in Sources */ = {isa = PBXBuildFile; fileRef = 95D00B232635C7BA0004B833 /* ToggleSettingTableViewCell.swift */; };
		95D01C0026937B5A00B687FD /* PlayerState.swift in Sources */ = {isa = PBXBuildFile; fileRef = 95D01BFF26937B5A00B687FD /* PlayerState.swift */; };
		95D01C02269562A500B687FD /* SpotfiyRecommendationsAPI.swift in Sources */ = {isa = PBXBuildFile; fileRef = 95D01C01269562A500B687FD /* SpotfiyRecommendationsAPI.swift */; };
		95D01C04269568F600B687FD /* RecommendationsResponse.swift in Sources */ = {isa = PBXBuildFile; fileRef = 95D01C03269568F600B687FD /* RecommendationsResponse.swift */; };
		95D84EB826749977003065BA /* APIEndpoint.swift in Sources */ = {isa = PBXBuildFile; fileRef = 95D84EB726749977003065BA /* APIEndpoint.swift */; };
		95D84EBA26749986003065BA /* APIRequest.swift in Sources */ = {isa = PBXBuildFile; fileRef = 95D84EB926749986003065BA /* APIRequest.swift */; };
		95D84EC22675360C003065BA /* SpotifySearchAPI.swift in Sources */ = {isa = PBXBuildFile; fileRef = 95D84EC12675360C003065BA /* SpotifySearchAPI.swift */; };
		95D84EC526754547003065BA /* SpotifyIdentifiable.swift in Sources */ = {isa = PBXBuildFile; fileRef = 95D84EC426754547003065BA /* SpotifyIdentifiable.swift */; };
		95D84EC726754578003065BA /* SpotifyConfig.swift in Sources */ = {isa = PBXBuildFile; fileRef = 95D84EC626754578003065BA /* SpotifyConfig.swift */; };
		95D84EC9267545F8003065BA /* SpotifyAppRemoteService.swift in Sources */ = {isa = PBXBuildFile; fileRef = 95D84EC8267545F8003065BA /* SpotifyAppRemoteService.swift */; };
		95D84ECB267C6F07003065BA /* SpotifyAPIEndpoint.swift in Sources */ = {isa = PBXBuildFile; fileRef = 95D84ECA267C6F07003065BA /* SpotifyAPIEndpoint.swift */; };
		95D84ECD267C6F47003065BA /* SpotifyAPIClient.swift in Sources */ = {isa = PBXBuildFile; fileRef = 95D84ECC267C6F47003065BA /* SpotifyAPIClient.swift */; };
		95D84ED326865A47003065BA /* RecentlyPlayedResponse.swift in Sources */ = {isa = PBXBuildFile; fileRef = 95D84ED226865A47003065BA /* RecentlyPlayedResponse.swift */; };
		95D9747025B41CB9000286C9 /* AuthViewController.swift in Sources */ = {isa = PBXBuildFile; fileRef = 95D9746F25B41CB9000286C9 /* AuthViewController.swift */; };
		95D9747925B41CE0000286C9 /* Member.swift in Sources */ = {isa = PBXBuildFile; fileRef = 95D9747625B41CDF000286C9 /* Member.swift */; };
		95D9747D25B41D80000286C9 /* TurnTuneError.swift in Sources */ = {isa = PBXBuildFile; fileRef = 95D9747C25B41D7F000286C9 /* TurnTuneError.swift */; };
		95DD20AC259B1E65000EE8B3 /* SearchViewController.swift in Sources */ = {isa = PBXBuildFile; fileRef = 95DD20AB259B1E65000EE8B3 /* SearchViewController.swift */; };
		95DD4CB925B81E580051C4E4 /* Room.swift in Sources */ = {isa = PBXBuildFile; fileRef = 95DD4CB825B81E580051C4E4 /* Room.swift */; };
		95E13D5E2623E52B0026334A /* PlayerStateTableViewCell.swift in Sources */ = {isa = PBXBuildFile; fileRef = 95E13D5D2623E52B0026334A /* PlayerStateTableViewCell.swift */; };
		95E608F22687A9DA00DE38BB /* SpotifySessionManagerService.swift in Sources */ = {isa = PBXBuildFile; fileRef = 95E608F12687A9DA00DE38BB /* SpotifySessionManagerService.swift */; };
		95EFACC82671B10300506577 /* FirebaseAuthService.swift in Sources */ = {isa = PBXBuildFile; fileRef = 95EFACC72671B10300506577 /* FirebaseAuthService.swift */; };
		95EFACD226748A3200506577 /* APIClient.swift in Sources */ = {isa = PBXBuildFile; fileRef = 95EFACD126748A3200506577 /* APIClient.swift */; };
		95FA8BE22601C716003FA6FD /* HTTPMethod.swift in Sources */ = {isa = PBXBuildFile; fileRef = 95FA8BE12601C716003FA6FD /* HTTPMethod.swift */; };
/* End PBXBuildFile section */

/* Begin PBXFileReference section */
		9504E6202663786A002B712E /* RemoteRepository.swift */ = {isa = PBXFileReference; lastKnownFileType = sourcecode.swift; path = RemoteRepository.swift; sourceTree = "<group>"; };
		9504E6252665611A002B712E /* FirestoreRepository.swift */ = {isa = PBXFileReference; lastKnownFileType = sourcecode.swift; path = FirestoreRepository.swift; sourceTree = "<group>"; };
		9504E62726656157002B712E /* RepositoryError.swift */ = {isa = PBXFileReference; lastKnownFileType = sourcecode.swift; path = RepositoryError.swift; sourceTree = "<group>"; };
		9504E6292665616F002B712E /* FirestoreDocument.swift */ = {isa = PBXFileReference; lastKnownFileType = sourcecode.swift; path = FirestoreDocument.swift; sourceTree = "<group>"; };
		954A268426154B640034356D /* SpotifyWebService.swift */ = {isa = PBXFileReference; lastKnownFileType = sourcecode.swift; path = SpotifyWebService.swift; sourceTree = "<group>"; };
		954A2687261566B10034356D /* CurrentlyPlayingResponse.swift */ = {isa = PBXFileReference; lastKnownFileType = sourcecode.swift; path = CurrentlyPlayingResponse.swift; sourceTree = "<group>"; };
		954A26962618D7920034356D /* Constants.swift */ = {isa = PBXFileReference; fileEncoding = 4; lastKnownFileType = sourcecode.swift; path = Constants.swift; sourceTree = "<group>"; };
		954A26A7261AB9D90034356D /* SongTableViewCell.swift */ = {isa = PBXFileReference; fileEncoding = 4; lastKnownFileType = sourcecode.swift; path = SongTableViewCell.swift; sourceTree = "<group>"; };
		955A52B226A7FFA1004B01B4 /* MusicPlayerStateService.swift */ = {isa = PBXFileReference; lastKnownFileType = sourcecode.swift; path = MusicPlayerStateService.swift; sourceTree = "<group>"; };
		955A52B426A8ED0D004B01B4 /* SettingsViewModel.swift */ = {isa = PBXFileReference; lastKnownFileType = sourcecode.swift; path = SettingsViewModel.swift; sourceTree = "<group>"; };
		955A52B626A8FB80004B01B4 /* PlayerViewModel.swift */ = {isa = PBXFileReference; lastKnownFileType = sourcecode.swift; path = PlayerViewModel.swift; sourceTree = "<group>"; };
		955A52B826A94880004B01B4 /* PlayerViewController.swift */ = {isa = PBXFileReference; lastKnownFileType = sourcecode.swift; path = PlayerViewController.swift; sourceTree = "<group>"; };
		955A52BE26AC2066004B01B4 /* Queueing.swift */ = {isa = PBXFileReference; lastKnownFileType = sourcecode.swift; path = Queueing.swift; sourceTree = "<group>"; };
		956640A825CBC57B007794E4 /* SpotifyiOS.framework */ = {isa = PBXFileReference; lastKnownFileType = wrapper.framework; name = SpotifyiOS.framework; path = Frameworks/SpotifyiOS.framework; sourceTree = "<group>"; };
		956640AB25CBC722007794E4 /* SpotifyService-Info.plist */ = {isa = PBXFileReference; fileEncoding = 4; lastKnownFileType = text.plist.xml; path = "SpotifyService-Info.plist"; sourceTree = "<group>"; };
		9586D6CE262FF30C00DBE910 /* SettingsTableViewController.swift */ = {isa = PBXFileReference; lastKnownFileType = sourcecode.swift; path = SettingsTableViewController.swift; sourceTree = "<group>"; };
		958B339E25C941F8002B8F7E /* HTTPAuthorization.swift */ = {isa = PBXFileReference; lastKnownFileType = sourcecode.swift; path = HTTPAuthorization.swift; sourceTree = "<group>"; };
		958B33DD25CBAE47002B8F7E /* TurnTune-Bridging-Header.h */ = {isa = PBXFileReference; lastKnownFileType = sourcecode.c.h; path = "TurnTune-Bridging-Header.h"; sourceTree = "<group>"; };
		958EC56D264F583200337A9E /* UserDefaultsRepository.swift */ = {isa = PBXFileReference; lastKnownFileType = sourcecode.swift; path = UserDefaultsRepository.swift; sourceTree = "<group>"; };
		958EC570264F68AB00337A9E /* UserDefaultsProperty.swift */ = {isa = PBXFileReference; lastKnownFileType = sourcecode.swift; path = UserDefaultsProperty.swift; sourceTree = "<group>"; };
		959CE08726699A2D00ADD5D9 /* AuthViewModel.swift */ = {isa = PBXFileReference; lastKnownFileType = sourcecode.swift; path = AuthViewModel.swift; sourceTree = "<group>"; };
		959CE0892669B70400ADD5D9 /* AuthenticationServiceable.swift */ = {isa = PBXFileReference; lastKnownFileType = sourcecode.swift; path = AuthenticationServiceable.swift; sourceTree = "<group>"; };
		95A218FE25B67FAD008EA6C7 /* SearchResultsTableViewCell.swift */ = {isa = PBXFileReference; lastKnownFileType = sourcecode.swift; path = SearchResultsTableViewCell.swift; sourceTree = "<group>"; };
		95A2190625B6AF34008EA6C7 /* Song.swift */ = {isa = PBXFileReference; lastKnownFileType = sourcecode.swift; path = Song.swift; sourceTree = "<group>"; };
		95A4045B25C3BD8B00F10E36 /* SearcherViewModel.swift */ = {isa = PBXFileReference; lastKnownFileType = sourcecode.swift; path = SearcherViewModel.swift; sourceTree = "<group>"; };
		95A4045F25C3EB8800F10E36 /* TokenResponse.swift */ = {isa = PBXFileReference; lastKnownFileType = sourcecode.swift; path = TokenResponse.swift; sourceTree = "<group>"; };
		95A4046425C3EBB200F10E36 /* SearchResponse.swift */ = {isa = PBXFileReference; lastKnownFileType = sourcecode.swift; path = SearchResponse.swift; sourceTree = "<group>"; };
		95A4048F25C541F700F10E36 /* SpotifyAccountsAPI.swift */ = {isa = PBXFileReference; lastKnownFileType = sourcecode.swift; path = SpotifyAccountsAPI.swift; sourceTree = "<group>"; };
		95A56297260325A900C9496B /* HTTPError.swift */ = {isa = PBXFileReference; lastKnownFileType = sourcecode.swift; path = HTTPError.swift; sourceTree = "<group>"; };
		95A5629A2604406000C9496B /* SpotifyPlayerAPI.swift */ = {isa = PBXFileReference; lastKnownFileType = sourcecode.swift; path = SpotifyPlayerAPI.swift; sourceTree = "<group>"; };
		95AF13A8269FDAFA00C79782 /* MusicPlayerServiceable.swift */ = {isa = PBXFileReference; lastKnownFileType = sourcecode.swift; path = MusicPlayerServiceable.swift; sourceTree = "<group>"; };
		95AF13AA269FDB2900C79782 /* SpotifyMusicPlayerService.swift */ = {isa = PBXFileReference; lastKnownFileType = sourcecode.swift; path = SpotifyMusicPlayerService.swift; sourceTree = "<group>"; };
		95AF13AC269FFE8000C79782 /* SpotifyReponseModels.swift */ = {isa = PBXFileReference; lastKnownFileType = sourcecode.swift; path = SpotifyReponseModels.swift; sourceTree = "<group>"; };
		95AF13B226A51E4F00C79782 /* RoomService.swift */ = {isa = PBXFileReference; lastKnownFileType = sourcecode.swift; path = RoomService.swift; sourceTree = "<group>"; };
		95AF13B826A51EE500C79782 /* MemberService.swift */ = {isa = PBXFileReference; lastKnownFileType = sourcecode.swift; path = MemberService.swift; sourceTree = "<group>"; };
		95AF13BA26A51EEC00C79782 /* QueueService.swift */ = {isa = PBXFileReference; lastKnownFileType = sourcecode.swift; path = QueueService.swift; sourceTree = "<group>"; };
		95AF13BF26A5283700C79782 /* MusicBrowserServiceable.swift */ = {isa = PBXFileReference; lastKnownFileType = sourcecode.swift; path = MusicBrowserServiceable.swift; sourceTree = "<group>"; };
		95AF13C126A5284C00C79782 /* SpotifyMusicBrowser.swift */ = {isa = PBXFileReference; lastKnownFileType = sourcecode.swift; path = SpotifyMusicBrowser.swift; sourceTree = "<group>"; };
		95C7714E25944C1E00EDF930 /* TurnTune.app */ = {isa = PBXFileReference; explicitFileType = wrapper.application; includeInIndex = 0; path = TurnTune.app; sourceTree = BUILT_PRODUCTS_DIR; };
		95C7715125944C1E00EDF930 /* AppDelegate.swift */ = {isa = PBXFileReference; lastKnownFileType = sourcecode.swift; path = AppDelegate.swift; sourceTree = "<group>"; };
		95C7715325944C1E00EDF930 /* SceneDelegate.swift */ = {isa = PBXFileReference; lastKnownFileType = sourcecode.swift; path = SceneDelegate.swift; sourceTree = "<group>"; };
		95C7715825944C1E00EDF930 /* Base */ = {isa = PBXFileReference; lastKnownFileType = file.storyboard; name = Base; path = Base.lproj/Main.storyboard; sourceTree = "<group>"; };
		95C7715A25944C1F00EDF930 /* Assets.xcassets */ = {isa = PBXFileReference; lastKnownFileType = folder.assetcatalog; path = Assets.xcassets; sourceTree = "<group>"; };
		95C7715D25944C1F00EDF930 /* Base */ = {isa = PBXFileReference; lastKnownFileType = file.storyboard; name = Base; path = Base.lproj/LaunchScreen.storyboard; sourceTree = "<group>"; };
		95C7715F25944C1F00EDF930 /* Info.plist */ = {isa = PBXFileReference; lastKnownFileType = text.plist.xml; path = Info.plist; sourceTree = "<group>"; };
		95C7716C2597F07100EDF930 /* GoogleService-Info.plist */ = {isa = PBXFileReference; fileEncoding = 4; lastKnownFileType = text.plist.xml; path = "GoogleService-Info.plist"; sourceTree = "<group>"; };
		95D00B202635C7450004B833 /* SettingTableViewCell.swift */ = {isa = PBXFileReference; lastKnownFileType = sourcecode.swift; path = SettingTableViewCell.swift; sourceTree = "<group>"; };
		95D00B232635C7BA0004B833 /* ToggleSettingTableViewCell.swift */ = {isa = PBXFileReference; lastKnownFileType = sourcecode.swift; path = ToggleSettingTableViewCell.swift; sourceTree = "<group>"; };
		95D01BFF26937B5A00B687FD /* PlayerState.swift */ = {isa = PBXFileReference; lastKnownFileType = sourcecode.swift; path = PlayerState.swift; sourceTree = "<group>"; };
		95D01C01269562A500B687FD /* SpotfiyRecommendationsAPI.swift */ = {isa = PBXFileReference; lastKnownFileType = sourcecode.swift; path = SpotfiyRecommendationsAPI.swift; sourceTree = "<group>"; };
		95D01C03269568F600B687FD /* RecommendationsResponse.swift */ = {isa = PBXFileReference; lastKnownFileType = sourcecode.swift; path = RecommendationsResponse.swift; sourceTree = "<group>"; };
		95D84EB726749977003065BA /* APIEndpoint.swift */ = {isa = PBXFileReference; lastKnownFileType = sourcecode.swift; path = APIEndpoint.swift; sourceTree = "<group>"; };
		95D84EB926749986003065BA /* APIRequest.swift */ = {isa = PBXFileReference; lastKnownFileType = sourcecode.swift; path = APIRequest.swift; sourceTree = "<group>"; };
		95D84EC12675360C003065BA /* SpotifySearchAPI.swift */ = {isa = PBXFileReference; lastKnownFileType = sourcecode.swift; path = SpotifySearchAPI.swift; sourceTree = "<group>"; };
		95D84EC426754547003065BA /* SpotifyIdentifiable.swift */ = {isa = PBXFileReference; lastKnownFileType = sourcecode.swift; path = SpotifyIdentifiable.swift; sourceTree = "<group>"; };
		95D84EC626754578003065BA /* SpotifyConfig.swift */ = {isa = PBXFileReference; lastKnownFileType = sourcecode.swift; path = SpotifyConfig.swift; sourceTree = "<group>"; };
		95D84EC8267545F8003065BA /* SpotifyAppRemoteService.swift */ = {isa = PBXFileReference; lastKnownFileType = sourcecode.swift; path = SpotifyAppRemoteService.swift; sourceTree = "<group>"; };
		95D84ECA267C6F07003065BA /* SpotifyAPIEndpoint.swift */ = {isa = PBXFileReference; lastKnownFileType = sourcecode.swift; path = SpotifyAPIEndpoint.swift; sourceTree = "<group>"; };
		95D84ECC267C6F47003065BA /* SpotifyAPIClient.swift */ = {isa = PBXFileReference; lastKnownFileType = sourcecode.swift; path = SpotifyAPIClient.swift; sourceTree = "<group>"; };
		95D84ED226865A47003065BA /* RecentlyPlayedResponse.swift */ = {isa = PBXFileReference; lastKnownFileType = sourcecode.swift; path = RecentlyPlayedResponse.swift; sourceTree = "<group>"; };
		95D9746F25B41CB9000286C9 /* AuthViewController.swift */ = {isa = PBXFileReference; fileEncoding = 4; lastKnownFileType = sourcecode.swift; path = AuthViewController.swift; sourceTree = "<group>"; };
		95D9747625B41CDF000286C9 /* Member.swift */ = {isa = PBXFileReference; fileEncoding = 4; lastKnownFileType = sourcecode.swift; path = Member.swift; sourceTree = "<group>"; };
		95D9747C25B41D7F000286C9 /* TurnTuneError.swift */ = {isa = PBXFileReference; fileEncoding = 4; lastKnownFileType = sourcecode.swift; path = TurnTuneError.swift; sourceTree = "<group>"; };
		95DD20AB259B1E65000EE8B3 /* SearchViewController.swift */ = {isa = PBXFileReference; lastKnownFileType = sourcecode.swift; path = SearchViewController.swift; sourceTree = "<group>"; };
		95DD4CB825B81E580051C4E4 /* Room.swift */ = {isa = PBXFileReference; lastKnownFileType = sourcecode.swift; path = Room.swift; sourceTree = "<group>"; };
		95E13D5D2623E52B0026334A /* PlayerStateTableViewCell.swift */ = {isa = PBXFileReference; lastKnownFileType = sourcecode.swift; path = PlayerStateTableViewCell.swift; sourceTree = "<group>"; };
		95E608F12687A9DA00DE38BB /* SpotifySessionManagerService.swift */ = {isa = PBXFileReference; lastKnownFileType = sourcecode.swift; path = SpotifySessionManagerService.swift; sourceTree = "<group>"; };
		95EFACC72671B10300506577 /* FirebaseAuthService.swift */ = {isa = PBXFileReference; lastKnownFileType = sourcecode.swift; path = FirebaseAuthService.swift; sourceTree = "<group>"; };
		95EFACD126748A3200506577 /* APIClient.swift */ = {isa = PBXFileReference; lastKnownFileType = sourcecode.swift; path = APIClient.swift; sourceTree = "<group>"; };
		95FA8BE12601C716003FA6FD /* HTTPMethod.swift */ = {isa = PBXFileReference; lastKnownFileType = sourcecode.swift; path = HTTPMethod.swift; sourceTree = "<group>"; };
/* End PBXFileReference section */

/* Begin PBXFrameworksBuildPhase section */
		95C7714B25944C1E00EDF930 /* Frameworks */ = {
			isa = PBXFrameworksBuildPhase;
			buildActionMask = 2147483647;
			files = (
				956640A925CBC57B007794E4 /* SpotifyiOS.framework in Frameworks */,
				9568B1D026B1216500D1DAF4 /* FirebaseFirestoreSwift-Beta in Frameworks */,
				9568B1CC26B1216500D1DAF4 /* FirebaseAuth in Frameworks */,
				9568B1CE26B1216500D1DAF4 /* FirebaseFirestore in Frameworks */,
				9568B1D326B1226100D1DAF4 /* SDWebImage in Frameworks */,
			);
			runOnlyForDeploymentPostprocessing = 0;
		};
/* End PBXFrameworksBuildPhase section */

/* Begin PBXGroup section */
		38A9C01ACE68FCFA85363B90 /* Frameworks */ = {
			isa = PBXGroup;
			children = (
				956640A825CBC57B007794E4 /* SpotifyiOS.framework */,
			);
			name = Frameworks;
			sourceTree = "<group>";
		};
		9504E62426653F78002B712E /* Repository */ = {
			isa = PBXGroup;
			children = (
				95AF13AF26A4FFA800C79782 /* Remote */,
				95AF13B026A4FFBA00C79782 /* UserDefaults */,
				9504E62726656157002B712E /* RepositoryError.swift */,
			);
			path = Repository;
			sourceTree = "<group>";
		};
		9528764A25D2544D001B962D /* Cells */ = {
			isa = PBXGroup;
			children = (
				95E13D5D2623E52B0026334A /* PlayerStateTableViewCell.swift */,
				954A26A7261AB9D90034356D /* SongTableViewCell.swift */,
				95A218FE25B67FAD008EA6C7 /* SearchResultsTableViewCell.swift */,
				95D00B202635C7450004B833 /* SettingTableViewCell.swift */,
				95D00B232635C7BA0004B833 /* ToggleSettingTableViewCell.swift */,
			);
			path = Cells;
			sourceTree = "<group>";
		};
		955A52BB26AB93A7004B01B4 /* Firestore */ = {
			isa = PBXGroup;
			children = (
				9504E6292665616F002B712E /* FirestoreDocument.swift */,
			);
			path = Firestore;
			sourceTree = "<group>";
		};
		955A52BC26AB93B2004B01B4 /* Spotify */ = {
			isa = PBXGroup;
			children = (
				95D84EC626754578003065BA /* SpotifyConfig.swift */,
				95D84EC426754547003065BA /* SpotifyIdentifiable.swift */,
			);
			path = Spotify;
			sourceTree = "<group>";
		};
		955A52BD26AB9423004B01B4 /* UserDefaults */ = {
			isa = PBXGroup;
			children = (
				958EC570264F68AB00337A9E /* UserDefaultsProperty.swift */,
			);
			path = UserDefaults;
			sourceTree = "<group>";
		};
		958EC56F264F658D00337A9E /* Configuration */ = {
			isa = PBXGroup;
			children = (
				954A26962618D7920034356D /* Constants.swift */,
				95C7716C2597F07100EDF930 /* GoogleService-Info.plist */,
				956640AB25CBC722007794E4 /* SpotifyService-Info.plist */,
			);
			path = Configuration;
			sourceTree = "<group>";
		};
		95A4045E25C3EB7900F10E36 /* Service */ = {
			isa = PBXGroup;
			children = (
				95D84ED0268307C4003065BA /* Authentication */,
				95AF13B126A51BB500C79782 /* DataAccess */,
				95D84ED1268307DA003065BA /* MusicBrowser */,
				95AF13A7269FD9F100C79782 /* MusicPlayer */,
				95AF13AE26A01CFC00C79782 /* SpotifyAppRemote */,
				95AF13A6269FD48700C79782 /* Web */,
			);
			path = Service;
			sourceTree = "<group>";
		};
		95AF13A5269E9A2200C79782 /* Spotify */ = {
			isa = PBXGroup;
			children = (
				95D84ECC267C6F47003065BA /* SpotifyAPIClient.swift */,
				95D84ECA267C6F07003065BA /* SpotifyAPIEndpoint.swift */,
				95D84EBB26750E34003065BA /* Endpoint */,
				95D84EC026751572003065BA /* Response */,
			);
			path = Spotify;
			sourceTree = "<group>";
		};
		95AF13A6269FD48700C79782 /* Web */ = {
			isa = PBXGroup;
			children = (
				954A268426154B640034356D /* SpotifyWebService.swift */,
			);
			path = Web;
			sourceTree = "<group>";
		};
		95AF13A7269FD9F100C79782 /* MusicPlayer */ = {
			isa = PBXGroup;
			children = (
				95AF13A8269FDAFA00C79782 /* MusicPlayerServiceable.swift */,
				95AF13AA269FDB2900C79782 /* SpotifyMusicPlayerService.swift */,
			);
			path = MusicPlayer;
			sourceTree = "<group>";
		};
		95AF13AE26A01CFC00C79782 /* SpotifyAppRemote */ = {
			isa = PBXGroup;
			children = (
				95D84EC8267545F8003065BA /* SpotifyAppRemoteService.swift */,
				95E608F12687A9DA00DE38BB /* SpotifySessionManagerService.swift */,
			);
			path = SpotifyAppRemote;
			sourceTree = "<group>";
		};
		95AF13AF26A4FFA800C79782 /* Remote */ = {
			isa = PBXGroup;
			children = (
				9504E6202663786A002B712E /* RemoteRepository.swift */,
				9504E6252665611A002B712E /* FirestoreRepository.swift */,
			);
			path = Remote;
			sourceTree = "<group>";
		};
		95AF13B026A4FFBA00C79782 /* UserDefaults */ = {
			isa = PBXGroup;
			children = (
				958EC56D264F583200337A9E /* UserDefaultsRepository.swift */,
			);
			path = UserDefaults;
			sourceTree = "<group>";
		};
		95AF13B126A51BB500C79782 /* DataAccess */ = {
			isa = PBXGroup;
			children = (
				95AF13B226A51E4F00C79782 /* RoomService.swift */,
				95AF13B826A51EE500C79782 /* MemberService.swift */,
				95AF13BA26A51EEC00C79782 /* QueueService.swift */,
				955A52B226A7FFA1004B01B4 /* MusicPlayerStateService.swift */,
			);
			path = DataAccess;
			sourceTree = "<group>";
		};
		95C7714525944C1E00EDF930 = {
			isa = PBXGroup;
			children = (
				95C7715025944C1E00EDF930 /* TurnTune */,
				95C7714F25944C1E00EDF930 /* Products */,
				38A9C01ACE68FCFA85363B90 /* Frameworks */,
			);
			sourceTree = "<group>";
		};
		95C7714F25944C1E00EDF930 /* Products */ = {
			isa = PBXGroup;
			children = (
				95C7714E25944C1E00EDF930 /* TurnTune.app */,
			);
			name = Products;
			sourceTree = "<group>";
		};
		95C7715025944C1E00EDF930 /* TurnTune */ = {
			isa = PBXGroup;
			children = (
				95C7715125944C1E00EDF930 /* AppDelegate.swift */,
				95C7715325944C1E00EDF930 /* SceneDelegate.swift */,
				958B33DD25CBAE47002B8F7E /* TurnTune-Bridging-Header.h */,
				95C7715F25944C1F00EDF930 /* Info.plist */,
				95C7715A25944C1F00EDF930 /* Assets.xcassets */,
				958EC56F264F658D00337A9E /* Configuration */,
				95EFACCF2674880C00506577 /* Client */,
				9504E62426653F78002B712E /* Repository */,
				95A4045E25C3EB7900F10E36 /* Service */,
				95C7716B2597ED8D00EDF930 /* Model */,
				95C7716A2597ED8500EDF930 /* ViewModel */,
				95C771682597ED6900EDF930 /* Controller */,
				95C771692597ED8300EDF930 /* View */,
			);
			path = TurnTune;
			sourceTree = "<group>";
		};
		95C771682597ED6900EDF930 /* Controller */ = {
			isa = PBXGroup;
			children = (
				95D9746F25B41CB9000286C9 /* AuthViewController.swift */,
				955A52B826A94880004B01B4 /* PlayerViewController.swift */,
				95DD20AB259B1E65000EE8B3 /* SearchViewController.swift */,
				9586D6CE262FF30C00DBE910 /* SettingsTableViewController.swift */,
			);
			path = Controller;
			sourceTree = "<group>";
		};
		95C771692597ED8300EDF930 /* View */ = {
			isa = PBXGroup;
			children = (
				95C7715C25944C1F00EDF930 /* LaunchScreen.storyboard */,
				95C7715725944C1E00EDF930 /* Main.storyboard */,
				9528764A25D2544D001B962D /* Cells */,
			);
			path = View;
			sourceTree = "<group>";
		};
		95C7716A2597ED8500EDF930 /* ViewModel */ = {
			isa = PBXGroup;
			children = (
				959CE08726699A2D00ADD5D9 /* AuthViewModel.swift */,
				955A52B626A8FB80004B01B4 /* PlayerViewModel.swift */,
				95A4045B25C3BD8B00F10E36 /* SearcherViewModel.swift */,
				955A52B426A8ED0D004B01B4 /* SettingsViewModel.swift */,
				95D9747C25B41D7F000286C9 /* TurnTuneError.swift */,
			);
			path = ViewModel;
			sourceTree = "<group>";
		};
		95C7716B2597ED8D00EDF930 /* Model */ = {
			isa = PBXGroup;
			children = (
				95DD4CB825B81E580051C4E4 /* Room.swift */,
				95D9747625B41CDF000286C9 /* Member.swift */,
				95A2190625B6AF34008EA6C7 /* Song.swift */,
				95D01BFF26937B5A00B687FD /* PlayerState.swift */,
				955A52BE26AC2066004B01B4 /* Queueing.swift */,
				955A52BB26AB93A7004B01B4 /* Firestore */,
				955A52BC26AB93B2004B01B4 /* Spotify */,
				955A52BD26AB9423004B01B4 /* UserDefaults */,
			);
			path = Model;
			sourceTree = "<group>";
		};
		95D84EBB26750E34003065BA /* Endpoint */ = {
			isa = PBXGroup;
			children = (
				95A4048F25C541F700F10E36 /* SpotifyAccountsAPI.swift */,
				95D84EC12675360C003065BA /* SpotifySearchAPI.swift */,
				95A5629A2604406000C9496B /* SpotifyPlayerAPI.swift */,
				95D01C01269562A500B687FD /* SpotfiyRecommendationsAPI.swift */,
			);
			path = Endpoint;
			sourceTree = "<group>";
		};
		95D84EC026751572003065BA /* Response */ = {
			isa = PBXGroup;
			children = (
				95AF13AC269FFE8000C79782 /* SpotifyReponseModels.swift */,
				95A4045F25C3EB8800F10E36 /* TokenResponse.swift */,
				95A4046425C3EBB200F10E36 /* SearchResponse.swift */,
				954A2687261566B10034356D /* CurrentlyPlayingResponse.swift */,
				95D84ED226865A47003065BA /* RecentlyPlayedResponse.swift */,
				95D01C03269568F600B687FD /* RecommendationsResponse.swift */,
			);
			path = Response;
			sourceTree = "<group>";
		};
		95D84ED0268307C4003065BA /* Authentication */ = {
			isa = PBXGroup;
			children = (
				959CE0892669B70400ADD5D9 /* AuthenticationServiceable.swift */,
				95EFACC72671B10300506577 /* FirebaseAuthService.swift */,
			);
			path = Authentication;
			sourceTree = "<group>";
		};
		95D84ED1268307DA003065BA /* MusicBrowser */ = {
			isa = PBXGroup;
			children = (
				95AF13BF26A5283700C79782 /* MusicBrowserServiceable.swift */,
				95AF13C126A5284C00C79782 /* SpotifyMusicBrowser.swift */,
			);
			path = MusicBrowser;
			sourceTree = "<group>";
		};
		95EFACCF2674880C00506577 /* Client */ = {
			isa = PBXGroup;
			children = (
				95FA8BEF2601D4BD003FA6FD /* HTTP */,
				95EFACD126748A3200506577 /* APIClient.swift */,
				95D84EB726749977003065BA /* APIEndpoint.swift */,
				95D84EB926749986003065BA /* APIRequest.swift */,
				95AF13A5269E9A2200C79782 /* Spotify */,
			);
			path = Client;
			sourceTree = "<group>";
		};
		95FA8BEF2601D4BD003FA6FD /* HTTP */ = {
			isa = PBXGroup;
			children = (
				95FA8BE12601C716003FA6FD /* HTTPMethod.swift */,
				958B339E25C941F8002B8F7E /* HTTPAuthorization.swift */,
				95A56297260325A900C9496B /* HTTPError.swift */,
			);
			path = HTTP;
			sourceTree = "<group>";
		};
/* End PBXGroup section */

/* Begin PBXNativeTarget section */
		95C7714D25944C1E00EDF930 /* TurnTune */ = {
			isa = PBXNativeTarget;
			buildConfigurationList = 95C7716225944C1F00EDF930 /* Build configuration list for PBXNativeTarget "TurnTune" */;
			buildPhases = (
				95C7714A25944C1E00EDF930 /* Sources */,
				95C7714B25944C1E00EDF930 /* Frameworks */,
				95C7714C25944C1E00EDF930 /* Resources */,
			);
			buildRules = (
			);
			dependencies = (
			);
			name = TurnTune;
			packageProductDependencies = (
				9568B1CB26B1216500D1DAF4 /* FirebaseAuth */,
				9568B1CD26B1216500D1DAF4 /* FirebaseFirestore */,
				9568B1CF26B1216500D1DAF4 /* FirebaseFirestoreSwift-Beta */,
				9568B1D226B1226100D1DAF4 /* SDWebImage */,
			);
			productName = TurnTune;
			productReference = 95C7714E25944C1E00EDF930 /* TurnTune.app */;
			productType = "com.apple.product-type.application";
		};
/* End PBXNativeTarget section */

/* Begin PBXProject section */
		95C7714625944C1E00EDF930 /* Project object */ = {
			isa = PBXProject;
			attributes = {
				LastSwiftUpdateCheck = 1230;
				LastUpgradeCheck = 1230;
				TargetAttributes = {
					95C7714D25944C1E00EDF930 = {
						CreatedOnToolsVersion = 12.3;
					};
				};
			};
			buildConfigurationList = 95C7714925944C1E00EDF930 /* Build configuration list for PBXProject "TurnTune" */;
			compatibilityVersion = "Xcode 9.3";
			developmentRegion = en;
			hasScannedForEncodings = 0;
			knownRegions = (
				en,
				Base,
			);
			mainGroup = 95C7714525944C1E00EDF930;
			packageReferences = (
				9568B1CA26B1216500D1DAF4 /* XCRemoteSwiftPackageReference "firebase-ios-sdk" */,
				9568B1D126B1226000D1DAF4 /* XCRemoteSwiftPackageReference "SDWebImage" */,
			);
			productRefGroup = 95C7714F25944C1E00EDF930 /* Products */;
			projectDirPath = "";
			projectRoot = "";
			targets = (
				95C7714D25944C1E00EDF930 /* TurnTune */,
			);
		};
/* End PBXProject section */

/* Begin PBXResourcesBuildPhase section */
		95C7714C25944C1E00EDF930 /* Resources */ = {
			isa = PBXResourcesBuildPhase;
			buildActionMask = 2147483647;
			files = (
				95C7715E25944C1F00EDF930 /* LaunchScreen.storyboard in Resources */,
				95C7716D2597F07100EDF930 /* GoogleService-Info.plist in Resources */,
				956640AC25CBC722007794E4 /* SpotifyService-Info.plist in Resources */,
				95C7715B25944C1F00EDF930 /* Assets.xcassets in Resources */,
				95C7715925944C1E00EDF930 /* Main.storyboard in Resources */,
			);
			runOnlyForDeploymentPostprocessing = 0;
		};
/* End PBXResourcesBuildPhase section */

/* Begin PBXSourcesBuildPhase section */
		95C7714A25944C1E00EDF930 /* Sources */ = {
			isa = PBXSourcesBuildPhase;
			buildActionMask = 2147483647;
			files = (
				95D9747025B41CB9000286C9 /* AuthViewController.swift in Sources */,
				95D9747D25B41D80000286C9 /* TurnTuneError.swift in Sources */,
				95A4049025C541F700F10E36 /* SpotifyAccountsAPI.swift in Sources */,
				954A2688261566B10034356D /* CurrentlyPlayingResponse.swift in Sources */,
				95EFACD226748A3200506577 /* APIClient.swift in Sources */,
				95AF13AD269FFE8000C79782 /* SpotifyReponseModels.swift in Sources */,
				95D01C02269562A500B687FD /* SpotfiyRecommendationsAPI.swift in Sources */,
				9586D6CF262FF30C00DBE910 /* SettingsTableViewController.swift in Sources */,
				9504E6212663786A002B712E /* RemoteRepository.swift in Sources */,
				958EC56E264F583200337A9E /* UserDefaultsRepository.swift in Sources */,
				95D84EB826749977003065BA /* APIEndpoint.swift in Sources */,
				958B339F25C941F8002B8F7E /* HTTPAuthorization.swift in Sources */,
				95DD4CB925B81E580051C4E4 /* Room.swift in Sources */,
				958EC571264F68AB00337A9E /* UserDefaultsProperty.swift in Sources */,
				959CE08826699A2D00ADD5D9 /* AuthViewModel.swift in Sources */,
				95D84EC9267545F8003065BA /* SpotifyAppRemoteService.swift in Sources */,
				954A268526154B640034356D /* SpotifyWebService.swift in Sources */,
				95A218FF25B67FAD008EA6C7 /* SearchResultsTableViewCell.swift in Sources */,
				95D00B212635C7450004B833 /* SettingTableViewCell.swift in Sources */,
				959CE08A2669B70400ADD5D9 /* AuthenticationServiceable.swift in Sources */,
				95AF13B926A51EE500C79782 /* MemberService.swift in Sources */,
				95EFACC82671B10300506577 /* FirebaseAuthService.swift in Sources */,
				95AF13AB269FDB2900C79782 /* SpotifyMusicPlayerService.swift in Sources */,
				9504E62A2665616F002B712E /* FirestoreDocument.swift in Sources */,
				95AF13BB26A51EEC00C79782 /* QueueService.swift in Sources */,
				95D01C04269568F600B687FD /* RecommendationsResponse.swift in Sources */,
				95AF13A9269FDAFA00C79782 /* MusicPlayerServiceable.swift in Sources */,
				95D84ECD267C6F47003065BA /* SpotifyAPIClient.swift in Sources */,
				95FA8BE22601C716003FA6FD /* HTTPMethod.swift in Sources */,
				95D84EC726754578003065BA /* SpotifyConfig.swift in Sources */,
				955A52B926A94880004B01B4 /* PlayerViewController.swift in Sources */,
				95A4045C25C3BD8B00F10E36 /* SearcherViewModel.swift in Sources */,
				95D84EC526754547003065BA /* SpotifyIdentifiable.swift in Sources */,
				95DD20AC259B1E65000EE8B3 /* SearchViewController.swift in Sources */,
				95A56298260325A900C9496B /* HTTPError.swift in Sources */,
				95AF13C226A5284C00C79782 /* SpotifyMusicBrowser.swift in Sources */,
				954A26A8261AB9D90034356D /* SongTableViewCell.swift in Sources */,
				954A26972618D7920034356D /* Constants.swift in Sources */,
				95C7715225944C1E00EDF930 /* AppDelegate.swift in Sources */,
				95D84EC22675360C003065BA /* SpotifySearchAPI.swift in Sources */,
				95D84ED326865A47003065BA /* RecentlyPlayedResponse.swift in Sources */,
				95E13D5E2623E52B0026334A /* PlayerStateTableViewCell.swift in Sources */,
				95A5629B2604406000C9496B /* SpotifyPlayerAPI.swift in Sources */,
				95AF13B326A51E4F00C79782 /* RoomService.swift in Sources */,
				95D84ECB267C6F07003065BA /* SpotifyAPIEndpoint.swift in Sources */,
				95C7715425944C1E00EDF930 /* SceneDelegate.swift in Sources */,
				955A52B526A8ED0D004B01B4 /* SettingsViewModel.swift in Sources */,
				95D01C0026937B5A00B687FD /* PlayerState.swift in Sources */,
				955A52BF26AC2066004B01B4 /* Queueing.swift in Sources */,
				95AF13C026A5283700C79782 /* MusicBrowserServiceable.swift in Sources */,
				95A4046525C3EBB200F10E36 /* SearchResponse.swift in Sources */,
				95A2190725B6AF34008EA6C7 /* Song.swift in Sources */,
				955A52B726A8FB80004B01B4 /* PlayerViewModel.swift in Sources */,
				95D00B242635C7BA0004B833 /* ToggleSettingTableViewCell.swift in Sources */,
				955A52B326A7FFA1004B01B4 /* MusicPlayerStateService.swift in Sources */,
				95A4046025C3EB8800F10E36 /* TokenResponse.swift in Sources */,
				95D9747925B41CE0000286C9 /* Member.swift in Sources */,
				95E608F22687A9DA00DE38BB /* SpotifySessionManagerService.swift in Sources */,
				9504E6262665611A002B712E /* FirestoreRepository.swift in Sources */,
				95D84EBA26749986003065BA /* APIRequest.swift in Sources */,
				9504E62826656157002B712E /* RepositoryError.swift in Sources */,
			);
			runOnlyForDeploymentPostprocessing = 0;
		};
/* End PBXSourcesBuildPhase section */

/* Begin PBXVariantGroup section */
		95C7715725944C1E00EDF930 /* Main.storyboard */ = {
			isa = PBXVariantGroup;
			children = (
				95C7715825944C1E00EDF930 /* Base */,
			);
			name = Main.storyboard;
			sourceTree = "<group>";
		};
		95C7715C25944C1F00EDF930 /* LaunchScreen.storyboard */ = {
			isa = PBXVariantGroup;
			children = (
				95C7715D25944C1F00EDF930 /* Base */,
			);
			name = LaunchScreen.storyboard;
			sourceTree = "<group>";
		};
/* End PBXVariantGroup section */

/* Begin XCBuildConfiguration section */
		95C7716025944C1F00EDF930 /* Debug */ = {
			isa = XCBuildConfiguration;
			buildSettings = {
				ALWAYS_SEARCH_USER_PATHS = NO;
				CLANG_ANALYZER_NONNULL = YES;
				CLANG_ANALYZER_NUMBER_OBJECT_CONVERSION = YES_AGGRESSIVE;
				CLANG_CXX_LANGUAGE_STANDARD = "gnu++14";
				CLANG_CXX_LIBRARY = "libc++";
				CLANG_ENABLE_MODULES = YES;
				CLANG_ENABLE_OBJC_ARC = YES;
				CLANG_ENABLE_OBJC_WEAK = YES;
				CLANG_WARN_BLOCK_CAPTURE_AUTORELEASING = YES;
				CLANG_WARN_BOOL_CONVERSION = YES;
				CLANG_WARN_COMMA = YES;
				CLANG_WARN_CONSTANT_CONVERSION = YES;
				CLANG_WARN_DEPRECATED_OBJC_IMPLEMENTATIONS = YES;
				CLANG_WARN_DIRECT_OBJC_ISA_USAGE = YES_ERROR;
				CLANG_WARN_DOCUMENTATION_COMMENTS = YES;
				CLANG_WARN_EMPTY_BODY = YES;
				CLANG_WARN_ENUM_CONVERSION = YES;
				CLANG_WARN_INFINITE_RECURSION = YES;
				CLANG_WARN_INT_CONVERSION = YES;
				CLANG_WARN_NON_LITERAL_NULL_CONVERSION = YES;
				CLANG_WARN_OBJC_IMPLICIT_RETAIN_SELF = YES;
				CLANG_WARN_OBJC_LITERAL_CONVERSION = YES;
				CLANG_WARN_OBJC_ROOT_CLASS = YES_ERROR;
				CLANG_WARN_QUOTED_INCLUDE_IN_FRAMEWORK_HEADER = YES;
				CLANG_WARN_RANGE_LOOP_ANALYSIS = YES;
				CLANG_WARN_STRICT_PROTOTYPES = YES;
				CLANG_WARN_SUSPICIOUS_MOVE = YES;
				CLANG_WARN_UNGUARDED_AVAILABILITY = YES_AGGRESSIVE;
				CLANG_WARN_UNREACHABLE_CODE = YES;
				CLANG_WARN__DUPLICATE_METHOD_MATCH = YES;
				COPY_PHASE_STRIP = NO;
				DEBUG_INFORMATION_FORMAT = dwarf;
				ENABLE_STRICT_OBJC_MSGSEND = YES;
				ENABLE_TESTABILITY = YES;
				GCC_C_LANGUAGE_STANDARD = gnu11;
				GCC_DYNAMIC_NO_PIC = NO;
				GCC_NO_COMMON_BLOCKS = YES;
				GCC_OPTIMIZATION_LEVEL = 0;
				GCC_PREPROCESSOR_DEFINITIONS = (
					"DEBUG=1",
					"$(inherited)",
				);
				GCC_WARN_64_TO_32_BIT_CONVERSION = YES;
				GCC_WARN_ABOUT_RETURN_TYPE = YES_ERROR;
				GCC_WARN_ALLOW_INCOMPLETE_PROTOCOL = YES;
				GCC_WARN_UNDECLARED_SELECTOR = YES;
				GCC_WARN_UNINITIALIZED_AUTOS = YES_AGGRESSIVE;
				GCC_WARN_UNUSED_FUNCTION = YES;
				GCC_WARN_UNUSED_VARIABLE = YES;
				IPHONEOS_DEPLOYMENT_TARGET = 13.0;
				MTL_ENABLE_DEBUG_INFO = INCLUDE_SOURCE;
				MTL_FAST_MATH = YES;
				ONLY_ACTIVE_ARCH = YES;
				SDKROOT = iphoneos;
				SWIFT_ACTIVE_COMPILATION_CONDITIONS = DEBUG;
				SWIFT_OPTIMIZATION_LEVEL = "-Onone";
			};
			name = Debug;
		};
		95C7716125944C1F00EDF930 /* Release */ = {
			isa = XCBuildConfiguration;
			buildSettings = {
				ALWAYS_SEARCH_USER_PATHS = NO;
				CLANG_ANALYZER_NONNULL = YES;
				CLANG_ANALYZER_NUMBER_OBJECT_CONVERSION = YES_AGGRESSIVE;
				CLANG_CXX_LANGUAGE_STANDARD = "gnu++14";
				CLANG_CXX_LIBRARY = "libc++";
				CLANG_ENABLE_MODULES = YES;
				CLANG_ENABLE_OBJC_ARC = YES;
				CLANG_ENABLE_OBJC_WEAK = YES;
				CLANG_WARN_BLOCK_CAPTURE_AUTORELEASING = YES;
				CLANG_WARN_BOOL_CONVERSION = YES;
				CLANG_WARN_COMMA = YES;
				CLANG_WARN_CONSTANT_CONVERSION = YES;
				CLANG_WARN_DEPRECATED_OBJC_IMPLEMENTATIONS = YES;
				CLANG_WARN_DIRECT_OBJC_ISA_USAGE = YES_ERROR;
				CLANG_WARN_DOCUMENTATION_COMMENTS = YES;
				CLANG_WARN_EMPTY_BODY = YES;
				CLANG_WARN_ENUM_CONVERSION = YES;
				CLANG_WARN_INFINITE_RECURSION = YES;
				CLANG_WARN_INT_CONVERSION = YES;
				CLANG_WARN_NON_LITERAL_NULL_CONVERSION = YES;
				CLANG_WARN_OBJC_IMPLICIT_RETAIN_SELF = YES;
				CLANG_WARN_OBJC_LITERAL_CONVERSION = YES;
				CLANG_WARN_OBJC_ROOT_CLASS = YES_ERROR;
				CLANG_WARN_QUOTED_INCLUDE_IN_FRAMEWORK_HEADER = YES;
				CLANG_WARN_RANGE_LOOP_ANALYSIS = YES;
				CLANG_WARN_STRICT_PROTOTYPES = YES;
				CLANG_WARN_SUSPICIOUS_MOVE = YES;
				CLANG_WARN_UNGUARDED_AVAILABILITY = YES_AGGRESSIVE;
				CLANG_WARN_UNREACHABLE_CODE = YES;
				CLANG_WARN__DUPLICATE_METHOD_MATCH = YES;
				COPY_PHASE_STRIP = NO;
				DEBUG_INFORMATION_FORMAT = "dwarf-with-dsym";
				ENABLE_NS_ASSERTIONS = NO;
				ENABLE_STRICT_OBJC_MSGSEND = YES;
				GCC_C_LANGUAGE_STANDARD = gnu11;
				GCC_NO_COMMON_BLOCKS = YES;
				GCC_WARN_64_TO_32_BIT_CONVERSION = YES;
				GCC_WARN_ABOUT_RETURN_TYPE = YES_ERROR;
				GCC_WARN_ALLOW_INCOMPLETE_PROTOCOL = YES;
				GCC_WARN_UNDECLARED_SELECTOR = YES;
				GCC_WARN_UNINITIALIZED_AUTOS = YES_AGGRESSIVE;
				GCC_WARN_UNUSED_FUNCTION = YES;
				GCC_WARN_UNUSED_VARIABLE = YES;
				IPHONEOS_DEPLOYMENT_TARGET = 13.0;
				MTL_ENABLE_DEBUG_INFO = NO;
				MTL_FAST_MATH = YES;
				SDKROOT = iphoneos;
				SWIFT_COMPILATION_MODE = wholemodule;
				SWIFT_OPTIMIZATION_LEVEL = "-O";
				VALIDATE_PRODUCT = YES;
			};
			name = Release;
		};
		95C7716325944C1F00EDF930 /* Debug */ = {
			isa = XCBuildConfiguration;
			buildSettings = {
				ASSETCATALOG_COMPILER_APPICON_NAME = AppIcon;
				ASSETCATALOG_COMPILER_GLOBAL_ACCENT_COLOR_NAME = AccentColor;
				CLANG_WARN_STRICT_PROTOTYPES = YES;
				CODE_SIGN_STYLE = Automatic;
				DEVELOPMENT_TEAM = RUKEA88AF2;
				FRAMEWORK_SEARCH_PATHS = (
					"$(inherited)",
					"$(PROJECT_DIR)",
					"$(PROJECT_DIR)/Frameworks",
				);
				GCC_WARN_ALLOW_INCOMPLETE_PROTOCOL = YES;
				INFOPLIST_FILE = TurnTune/Info.plist;
				LD_RUNPATH_SEARCH_PATHS = (
					"$(inherited)",
					"@executable_path/Frameworks",
				);
				PRODUCT_BUNDLE_IDENTIFIER = com.louismenacho.TurnTune;
				PRODUCT_NAME = "$(TARGET_NAME)";
				SWIFT_OBJC_BRIDGING_HEADER = "TurnTune/TurnTune-Bridging-Header.h";
				SWIFT_VERSION = 5.0;
				TARGETED_DEVICE_FAMILY = 1;
			};
			name = Debug;
		};
		95C7716425944C1F00EDF930 /* Release */ = {
			isa = XCBuildConfiguration;
			buildSettings = {
				ASSETCATALOG_COMPILER_APPICON_NAME = AppIcon;
				ASSETCATALOG_COMPILER_GLOBAL_ACCENT_COLOR_NAME = AccentColor;
				CLANG_WARN_STRICT_PROTOTYPES = YES;
				CODE_SIGN_STYLE = Automatic;
				DEVELOPMENT_TEAM = RUKEA88AF2;
				FRAMEWORK_SEARCH_PATHS = (
					"$(inherited)",
					"$(PROJECT_DIR)",
					"$(PROJECT_DIR)/Frameworks",
				);
				GCC_WARN_ALLOW_INCOMPLETE_PROTOCOL = YES;
				INFOPLIST_FILE = TurnTune/Info.plist;
				LD_RUNPATH_SEARCH_PATHS = (
					"$(inherited)",
					"@executable_path/Frameworks",
				);
				PRODUCT_BUNDLE_IDENTIFIER = com.louismenacho.TurnTune;
				PRODUCT_NAME = "$(TARGET_NAME)";
				SWIFT_OBJC_BRIDGING_HEADER = "TurnTune/TurnTune-Bridging-Header.h";
				SWIFT_VERSION = 5.0;
				TARGETED_DEVICE_FAMILY = 1;
			};
			name = Release;
		};
/* End XCBuildConfiguration section */

/* Begin XCConfigurationList section */
		95C7714925944C1E00EDF930 /* Build configuration list for PBXProject "TurnTune" */ = {
			isa = XCConfigurationList;
			buildConfigurations = (
				95C7716025944C1F00EDF930 /* Debug */,
				95C7716125944C1F00EDF930 /* Release */,
			);
			defaultConfigurationIsVisible = 0;
			defaultConfigurationName = Release;
		};
		95C7716225944C1F00EDF930 /* Build configuration list for PBXNativeTarget "TurnTune" */ = {
			isa = XCConfigurationList;
			buildConfigurations = (
				95C7716325944C1F00EDF930 /* Debug */,
				95C7716425944C1F00EDF930 /* Release */,
			);
			defaultConfigurationIsVisible = 0;
			defaultConfigurationName = Release;
		};
/* End XCConfigurationList section */

/* Begin XCRemoteSwiftPackageReference section */
		9568B1CA26B1216500D1DAF4 /* XCRemoteSwiftPackageReference "firebase-ios-sdk" */ = {
			isa = XCRemoteSwiftPackageReference;
			repositoryURL = "https://github.com/firebase/firebase-ios-sdk.git";
			requirement = {
				kind = upToNextMajorVersion;
				minimumVersion = 8.4.0;
			};
		};
		9568B1D126B1226000D1DAF4 /* XCRemoteSwiftPackageReference "SDWebImage" */ = {
			isa = XCRemoteSwiftPackageReference;
			repositoryURL = "https://github.com/SDWebImage/SDWebImage.git";
			requirement = {
				kind = upToNextMajorVersion;
				minimumVersion = 5.11.1;
			};
		};
/* End XCRemoteSwiftPackageReference section */

/* Begin XCSwiftPackageProductDependency section */
		9568B1CB26B1216500D1DAF4 /* FirebaseAuth */ = {
			isa = XCSwiftPackageProductDependency;
			package = 9568B1CA26B1216500D1DAF4 /* XCRemoteSwiftPackageReference "firebase-ios-sdk" */;
			productName = FirebaseAuth;
		};
		9568B1CD26B1216500D1DAF4 /* FirebaseFirestore */ = {
			isa = XCSwiftPackageProductDependency;
			package = 9568B1CA26B1216500D1DAF4 /* XCRemoteSwiftPackageReference "firebase-ios-sdk" */;
			productName = FirebaseFirestore;
		};
		9568B1CF26B1216500D1DAF4 /* FirebaseFirestoreSwift-Beta */ = {
			isa = XCSwiftPackageProductDependency;
			package = 9568B1CA26B1216500D1DAF4 /* XCRemoteSwiftPackageReference "firebase-ios-sdk" */;
			productName = "FirebaseFirestoreSwift-Beta";
		};
		9568B1D226B1226100D1DAF4 /* SDWebImage */ = {
			isa = XCSwiftPackageProductDependency;
			package = 9568B1D126B1226000D1DAF4 /* XCRemoteSwiftPackageReference "SDWebImage" */;
			productName = SDWebImage;
		};
/* End XCSwiftPackageProductDependency section */
	};
	rootObject = 95C7714625944C1E00EDF930 /* Project object */;
}
