// !$*UTF8*$!
{
	archiveVersion = 1;
	classes = {
	};
	objectVersion = 52;
	objects = {

/* Begin PBXBuildFile section */
		9515B338273B901100CADB77 /* FormView.swift in Sources */ = {isa = PBXBuildFile; fileRef = 9515B337273B901100CADB77 /* FormView.swift */; };
		9584F29E2741F6010018FBFB /* PlaylistViewController.swift in Sources */ = {isa = PBXBuildFile; fileRef = 9584F29D2741F6010018FBFB /* PlaylistViewController.swift */; };
		9584F2A12741FCFA0018FBFB /* PlaylistTableViewCell.swift in Sources */ = {isa = PBXBuildFile; fileRef = 9584F2A02741FCFA0018FBFB /* PlaylistTableViewCell.swift */; };
		958CDBFD273F484B00001DB9 /* SwitchControl.swift in Sources */ = {isa = PBXBuildFile; fileRef = 958CDBFC273F484B00001DB9 /* SwitchControl.swift */; };
		95C7715225944C1E00EDF930 /* AppDelegate.swift in Sources */ = {isa = PBXBuildFile; fileRef = 95C7715125944C1E00EDF930 /* AppDelegate.swift */; };
		95C7715425944C1E00EDF930 /* SceneDelegate.swift in Sources */ = {isa = PBXBuildFile; fileRef = 95C7715325944C1E00EDF930 /* SceneDelegate.swift */; };
		95C7715925944C1E00EDF930 /* Main.storyboard in Resources */ = {isa = PBXBuildFile; fileRef = 95C7715725944C1E00EDF930 /* Main.storyboard */; };
		95C7715B25944C1F00EDF930 /* Assets.xcassets in Resources */ = {isa = PBXBuildFile; fileRef = 95C7715A25944C1F00EDF930 /* Assets.xcassets */; };
		95C7715E25944C1F00EDF930 /* LaunchScreen.storyboard in Resources */ = {isa = PBXBuildFile; fileRef = 95C7715C25944C1F00EDF930 /* LaunchScreen.storyboard */; };
		95C7716D2597F07100EDF930 /* GoogleService-Info.plist in Resources */ = {isa = PBXBuildFile; fileRef = 95C7716C2597F07100EDF930 /* GoogleService-Info.plist */; };
		95D9747025B41CB9000286C9 /* HomeViewController.swift in Sources */ = {isa = PBXBuildFile; fileRef = 95D9746F25B41CB9000286C9 /* HomeViewController.swift */; };
		95DDD0E4273B9D3100B47135 /* FirebaseAnalytics in Frameworks */ = {isa = PBXBuildFile; productRef = 95DDD0E3273B9D3100B47135 /* FirebaseAnalytics */; };
		95DDD0E6273B9D3100B47135 /* FirebaseAnalyticsSwift-Beta in Frameworks */ = {isa = PBXBuildFile; productRef = 95DDD0E5273B9D3100B47135 /* FirebaseAnalyticsSwift-Beta */; };
		95DDD0E8273B9D3100B47135 /* FirebaseAuth in Frameworks */ = {isa = PBXBuildFile; productRef = 95DDD0E7273B9D3100B47135 /* FirebaseAuth */; };
		95DDD0EA273B9D3100B47135 /* FirebaseAuthCombine-Community in Frameworks */ = {isa = PBXBuildFile; productRef = 95DDD0E9273B9D3100B47135 /* FirebaseAuthCombine-Community */; };
		95DDD0EC273B9D3100B47135 /* FirebaseDatabase in Frameworks */ = {isa = PBXBuildFile; productRef = 95DDD0EB273B9D3100B47135 /* FirebaseDatabase */; };
		95DDD0EE273B9D3100B47135 /* FirebaseDatabaseSwift-Beta in Frameworks */ = {isa = PBXBuildFile; productRef = 95DDD0ED273B9D3100B47135 /* FirebaseDatabaseSwift-Beta */; };
		95DDD0F0273B9D3100B47135 /* FirebaseFirestore in Frameworks */ = {isa = PBXBuildFile; productRef = 95DDD0EF273B9D3100B47135 /* FirebaseFirestore */; };
		95DDD0F2273B9D3100B47135 /* FirebaseFirestoreCombine-Community in Frameworks */ = {isa = PBXBuildFile; productRef = 95DDD0F1273B9D3100B47135 /* FirebaseFirestoreCombine-Community */; };
		95DDD0F4273B9D3100B47135 /* FirebaseFirestoreSwift-Beta in Frameworks */ = {isa = PBXBuildFile; productRef = 95DDD0F3273B9D3100B47135 /* FirebaseFirestoreSwift-Beta */; };
		95DDD0F6273B9D3100B47135 /* FirebaseFunctions in Frameworks */ = {isa = PBXBuildFile; productRef = 95DDD0F5273B9D3100B47135 /* FirebaseFunctions */; };
		95DDD0F8273B9D3100B47135 /* FirebaseFunctionsCombine-Community in Frameworks */ = {isa = PBXBuildFile; productRef = 95DDD0F7273B9D3100B47135 /* FirebaseFunctionsCombine-Community */; };
		95E62FB3273B99CC0032F115 /* SpotifyiOS.xcframework in Frameworks */ = {isa = PBXBuildFile; fileRef = 95E62FB2273B99CC0032F115 /* SpotifyiOS.xcframework */; };
		95E62FB4273B99CC0032F115 /* SpotifyiOS.xcframework in Embed Frameworks */ = {isa = PBXBuildFile; fileRef = 95E62FB2273B99CC0032F115 /* SpotifyiOS.xcframework */; settings = {ATTRIBUTES = (CodeSignOnCopy, RemoveHeadersOnCopy, ); }; };
/* End PBXBuildFile section */

/* Begin PBXCopyFilesBuildPhase section */
		95E62FB5273B99CC0032F115 /* Embed Frameworks */ = {
			isa = PBXCopyFilesBuildPhase;
			buildActionMask = 2147483647;
			dstPath = "";
			dstSubfolderSpec = 10;
			files = (
				95E62FB4273B99CC0032F115 /* SpotifyiOS.xcframework in Embed Frameworks */,
			);
			name = "Embed Frameworks";
			runOnlyForDeploymentPostprocessing = 0;
		};
/* End PBXCopyFilesBuildPhase section */

/* Begin PBXFileReference section */
		9515B337273B901100CADB77 /* FormView.swift */ = {isa = PBXFileReference; lastKnownFileType = sourcecode.swift; path = FormView.swift; sourceTree = "<group>"; };
		9584F29D2741F6010018FBFB /* PlaylistViewController.swift */ = {isa = PBXFileReference; lastKnownFileType = sourcecode.swift; path = PlaylistViewController.swift; sourceTree = "<group>"; };
		9584F2A02741FCFA0018FBFB /* PlaylistTableViewCell.swift */ = {isa = PBXFileReference; lastKnownFileType = sourcecode.swift; path = PlaylistTableViewCell.swift; sourceTree = "<group>"; };
		958B33DD25CBAE47002B8F7E /* TurnTune-Bridging-Header.h */ = {isa = PBXFileReference; lastKnownFileType = sourcecode.c.h; path = "TurnTune-Bridging-Header.h"; sourceTree = "<group>"; };
		958CDBFC273F484B00001DB9 /* SwitchControl.swift */ = {isa = PBXFileReference; lastKnownFileType = sourcecode.swift; path = SwitchControl.swift; sourceTree = "<group>"; };
		95C7714E25944C1E00EDF930 /* TurnTune.app */ = {isa = PBXFileReference; explicitFileType = wrapper.application; includeInIndex = 0; path = TurnTune.app; sourceTree = BUILT_PRODUCTS_DIR; };
		95C7715125944C1E00EDF930 /* AppDelegate.swift */ = {isa = PBXFileReference; lastKnownFileType = sourcecode.swift; path = AppDelegate.swift; sourceTree = "<group>"; };
		95C7715325944C1E00EDF930 /* SceneDelegate.swift */ = {isa = PBXFileReference; lastKnownFileType = sourcecode.swift; path = SceneDelegate.swift; sourceTree = "<group>"; };
		95C7715825944C1E00EDF930 /* Base */ = {isa = PBXFileReference; lastKnownFileType = file.storyboard; name = Base; path = Base.lproj/Main.storyboard; sourceTree = "<group>"; };
		95C7715A25944C1F00EDF930 /* Assets.xcassets */ = {isa = PBXFileReference; lastKnownFileType = folder.assetcatalog; path = Assets.xcassets; sourceTree = "<group>"; };
		95C7715D25944C1F00EDF930 /* Base */ = {isa = PBXFileReference; lastKnownFileType = file.storyboard; name = Base; path = Base.lproj/LaunchScreen.storyboard; sourceTree = "<group>"; };
		95C7715F25944C1F00EDF930 /* Info.plist */ = {isa = PBXFileReference; lastKnownFileType = text.plist.xml; path = Info.plist; sourceTree = "<group>"; };
		95C7716C2597F07100EDF930 /* GoogleService-Info.plist */ = {isa = PBXFileReference; fileEncoding = 4; lastKnownFileType = text.plist.xml; path = "GoogleService-Info.plist"; sourceTree = "<group>"; };
		95D9746F25B41CB9000286C9 /* HomeViewController.swift */ = {isa = PBXFileReference; fileEncoding = 4; lastKnownFileType = sourcecode.swift; path = HomeViewController.swift; sourceTree = "<group>"; };
		95E62FB2273B99CC0032F115 /* SpotifyiOS.xcframework */ = {isa = PBXFileReference; lastKnownFileType = wrapper.xcframework; name = SpotifyiOS.xcframework; path = "../../Downloads/ios-sdk-master/SpotifyiOS.xcframework"; sourceTree = "<group>"; };
/* End PBXFileReference section */

/* Begin PBXFrameworksBuildPhase section */
		95C7714B25944C1E00EDF930 /* Frameworks */ = {
			isa = PBXFrameworksBuildPhase;
			buildActionMask = 2147483647;
			files = (
				95DDD0EC273B9D3100B47135 /* FirebaseDatabase in Frameworks */,
				95DDD0E6273B9D3100B47135 /* FirebaseAnalyticsSwift-Beta in Frameworks */,
				95DDD0E4273B9D3100B47135 /* FirebaseAnalytics in Frameworks */,
				95DDD0F2273B9D3100B47135 /* FirebaseFirestoreCombine-Community in Frameworks */,
				95E62FB3273B99CC0032F115 /* SpotifyiOS.xcframework in Frameworks */,
				95DDD0E8273B9D3100B47135 /* FirebaseAuth in Frameworks */,
				95DDD0F0273B9D3100B47135 /* FirebaseFirestore in Frameworks */,
				95DDD0F4273B9D3100B47135 /* FirebaseFirestoreSwift-Beta in Frameworks */,
				95DDD0EE273B9D3100B47135 /* FirebaseDatabaseSwift-Beta in Frameworks */,
				95DDD0F6273B9D3100B47135 /* FirebaseFunctions in Frameworks */,
				95DDD0EA273B9D3100B47135 /* FirebaseAuthCombine-Community in Frameworks */,
				95DDD0F8273B9D3100B47135 /* FirebaseFunctionsCombine-Community in Frameworks */,
			);
			runOnlyForDeploymentPostprocessing = 0;
		};
/* End PBXFrameworksBuildPhase section */

/* Begin PBXGroup section */
		38A9C01ACE68FCFA85363B90 /* Frameworks */ = {
			isa = PBXGroup;
			children = (
				95E62FB2273B99CC0032F115 /* SpotifyiOS.xcframework */,
			);
			name = Frameworks;
			sourceTree = "<group>";
		};
		9515B336273B8EC000CADB77 /* HomeView */ = {
			isa = PBXGroup;
			children = (
				9515B337273B901100CADB77 /* FormView.swift */,
				958CDBFC273F484B00001DB9 /* SwitchControl.swift */,
			);
			path = HomeView;
			sourceTree = "<group>";
		};
		9584F29F2741F6080018FBFB /* PlaylistView */ = {
			isa = PBXGroup;
			children = (
				9584F2A02741FCFA0018FBFB /* PlaylistTableViewCell.swift */,
			);
			path = PlaylistView;
			sourceTree = "<group>";
		};
		95C7714525944C1E00EDF930 = {
			isa = PBXGroup;
			children = (
				95C7715025944C1E00EDF930 /* TurnTune */,
				95C7714F25944C1E00EDF930 /* Products */,
				38A9C01ACE68FCFA85363B90 /* Frameworks */,
			);
			sourceTree = "<group>";
		};
		95C7714F25944C1E00EDF930 /* Products */ = {
			isa = PBXGroup;
			children = (
				95C7714E25944C1E00EDF930 /* TurnTune.app */,
			);
			name = Products;
			sourceTree = "<group>";
		};
		95C7715025944C1E00EDF930 /* TurnTune */ = {
			isa = PBXGroup;
			children = (
				95C7715125944C1E00EDF930 /* AppDelegate.swift */,
				95C7715325944C1E00EDF930 /* SceneDelegate.swift */,
				958B33DD25CBAE47002B8F7E /* TurnTune-Bridging-Header.h */,
				95C771682597ED6900EDF930 /* Controller */,
				95C771692597ED8300EDF930 /* View */,
				95C7715A25944C1F00EDF930 /* Assets.xcassets */,
				95C7715F25944C1F00EDF930 /* Info.plist */,
				95C7716C2597F07100EDF930 /* GoogleService-Info.plist */,
			);
			path = TurnTune;
			sourceTree = "<group>";
		};
		95C771682597ED6900EDF930 /* Controller */ = {
			isa = PBXGroup;
			children = (
				95D9746F25B41CB9000286C9 /* HomeViewController.swift */,
				9584F29D2741F6010018FBFB /* PlaylistViewController.swift */,
			);
			path = Controller;
			sourceTree = "<group>";
		};
		95C771692597ED8300EDF930 /* View */ = {
			isa = PBXGroup;
			children = (
				9515B336273B8EC000CADB77 /* HomeView */,
				9584F29F2741F6080018FBFB /* PlaylistView */,
				95C7715C25944C1F00EDF930 /* LaunchScreen.storyboard */,
				95C7715725944C1E00EDF930 /* Main.storyboard */,
			);
			path = View;
			sourceTree = "<group>";
		};
/* End PBXGroup section */

/* Begin PBXNativeTarget section */
		95C7714D25944C1E00EDF930 /* TurnTune */ = {
			isa = PBXNativeTarget;
			buildConfigurationList = 95C7716225944C1F00EDF930 /* Build configuration list for PBXNativeTarget "TurnTune" */;
			buildPhases = (
				95C7714A25944C1E00EDF930 /* Sources */,
				95C7714B25944C1E00EDF930 /* Frameworks */,
				95C7714C25944C1E00EDF930 /* Resources */,
				95E62FB5273B99CC0032F115 /* Embed Frameworks */,
			);
			buildRules = (
			);
			dependencies = (
			);
			name = TurnTune;
			packageProductDependencies = (
				95DDD0E3273B9D3100B47135 /* FirebaseAnalytics */,
				95DDD0E5273B9D3100B47135 /* FirebaseAnalyticsSwift-Beta */,
				95DDD0E7273B9D3100B47135 /* FirebaseAuth */,
				95DDD0E9273B9D3100B47135 /* FirebaseAuthCombine-Community */,
				95DDD0EB273B9D3100B47135 /* FirebaseDatabase */,
				95DDD0ED273B9D3100B47135 /* FirebaseDatabaseSwift-Beta */,
				95DDD0EF273B9D3100B47135 /* FirebaseFirestore */,
				95DDD0F1273B9D3100B47135 /* FirebaseFirestoreCombine-Community */,
				95DDD0F3273B9D3100B47135 /* FirebaseFirestoreSwift-Beta */,
				95DDD0F5273B9D3100B47135 /* FirebaseFunctions */,
				95DDD0F7273B9D3100B47135 /* FirebaseFunctionsCombine-Community */,
			);
			productName = TurnTune;
			productReference = 95C7714E25944C1E00EDF930 /* TurnTune.app */;
			productType = "com.apple.product-type.application";
		};
/* End PBXNativeTarget section */

/* Begin PBXProject section */
		95C7714625944C1E00EDF930 /* Project object */ = {
			isa = PBXProject;
			attributes = {
				LastSwiftUpdateCheck = 1230;
				LastUpgradeCheck = 1230;
				TargetAttributes = {
					95C7714D25944C1E00EDF930 = {
						CreatedOnToolsVersion = 12.3;
					};
				};
			};
			buildConfigurationList = 95C7714925944C1E00EDF930 /* Build configuration list for PBXProject "TurnTune" */;
			compatibilityVersion = "Xcode 9.3";
			developmentRegion = en;
			hasScannedForEncodings = 0;
			knownRegions = (
				en,
				Base,
			);
			mainGroup = 95C7714525944C1E00EDF930;
			packageReferences = (
				95DDD0E2273B9D3100B47135 /* XCRemoteSwiftPackageReference "firebase-ios-sdk" */,
			);
			productRefGroup = 95C7714F25944C1E00EDF930 /* Products */;
			projectDirPath = "";
			projectRoot = "";
			targets = (
				95C7714D25944C1E00EDF930 /* TurnTune */,
			);
		};
/* End PBXProject section */

/* Begin PBXResourcesBuildPhase section */
		95C7714C25944C1E00EDF930 /* Resources */ = {
			isa = PBXResourcesBuildPhase;
			buildActionMask = 2147483647;
			files = (
				95C7715E25944C1F00EDF930 /* LaunchScreen.storyboard in Resources */,
				95C7716D2597F07100EDF930 /* GoogleService-Info.plist in Resources */,
				95C7715B25944C1F00EDF930 /* Assets.xcassets in Resources */,
				95C7715925944C1E00EDF930 /* Main.storyboard in Resources */,
			);
			runOnlyForDeploymentPostprocessing = 0;
		};
/* End PBXResourcesBuildPhase section */

/* Begin PBXSourcesBuildPhase section */
		95C7714A25944C1E00EDF930 /* Sources */ = {
			isa = PBXSourcesBuildPhase;
			buildActionMask = 2147483647;
			files = (
				95D9747025B41CB9000286C9 /* HomeViewController.swift in Sources */,
				958CDBFD273F484B00001DB9 /* SwitchControl.swift in Sources */,
				9584F2A12741FCFA0018FBFB /* PlaylistTableViewCell.swift in Sources */,
				9584F29E2741F6010018FBFB /* PlaylistViewController.swift in Sources */,
				9515B338273B901100CADB77 /* FormView.swift in Sources */,
				95C7715225944C1E00EDF930 /* AppDelegate.swift in Sources */,
				95C7715425944C1E00EDF930 /* SceneDelegate.swift in Sources */,
			);
			runOnlyForDeploymentPostprocessing = 0;
		};
/* End PBXSourcesBuildPhase section */

/* Begin PBXVariantGroup section */
		95C7715725944C1E00EDF930 /* Main.storyboard */ = {
			isa = PBXVariantGroup;
			children = (
				95C7715825944C1E00EDF930 /* Base */,
			);
			name = Main.storyboard;
			sourceTree = "<group>";
		};
		95C7715C25944C1F00EDF930 /* LaunchScreen.storyboard */ = {
			isa = PBXVariantGroup;
			children = (
				95C7715D25944C1F00EDF930 /* Base */,
			);
			name = LaunchScreen.storyboard;
			sourceTree = "<group>";
		};
/* End PBXVariantGroup section */

/* Begin XCBuildConfiguration section */
		95C7716025944C1F00EDF930 /* Debug */ = {
			isa = XCBuildConfiguration;
			buildSettings = {
				ALWAYS_SEARCH_USER_PATHS = NO;
				CLANG_ANALYZER_NONNULL = YES;
				CLANG_ANALYZER_NUMBER_OBJECT_CONVERSION = YES_AGGRESSIVE;
				CLANG_CXX_LANGUAGE_STANDARD = "gnu++14";
				CLANG_CXX_LIBRARY = "libc++";
				CLANG_ENABLE_MODULES = YES;
				CLANG_ENABLE_OBJC_ARC = YES;
				CLANG_ENABLE_OBJC_WEAK = YES;
				CLANG_WARN_BLOCK_CAPTURE_AUTORELEASING = YES;
				CLANG_WARN_BOOL_CONVERSION = YES;
				CLANG_WARN_COMMA = YES;
				CLANG_WARN_CONSTANT_CONVERSION = YES;
				CLANG_WARN_DEPRECATED_OBJC_IMPLEMENTATIONS = YES;
				CLANG_WARN_DIRECT_OBJC_ISA_USAGE = YES_ERROR;
				CLANG_WARN_DOCUMENTATION_COMMENTS = YES;
				CLANG_WARN_EMPTY_BODY = YES;
				CLANG_WARN_ENUM_CONVERSION = YES;
				CLANG_WARN_INFINITE_RECURSION = YES;
				CLANG_WARN_INT_CONVERSION = YES;
				CLANG_WARN_NON_LITERAL_NULL_CONVERSION = YES;
				CLANG_WARN_OBJC_IMPLICIT_RETAIN_SELF = YES;
				CLANG_WARN_OBJC_LITERAL_CONVERSION = YES;
				CLANG_WARN_OBJC_ROOT_CLASS = YES_ERROR;
				CLANG_WARN_QUOTED_INCLUDE_IN_FRAMEWORK_HEADER = YES;
				CLANG_WARN_RANGE_LOOP_ANALYSIS = YES;
				CLANG_WARN_STRICT_PROTOTYPES = YES;
				CLANG_WARN_SUSPICIOUS_MOVE = YES;
				CLANG_WARN_UNGUARDED_AVAILABILITY = YES_AGGRESSIVE;
				CLANG_WARN_UNREACHABLE_CODE = YES;
				CLANG_WARN__DUPLICATE_METHOD_MATCH = YES;
				COPY_PHASE_STRIP = NO;
				DEBUG_INFORMATION_FORMAT = dwarf;
				ENABLE_STRICT_OBJC_MSGSEND = YES;
				ENABLE_TESTABILITY = YES;
				GCC_C_LANGUAGE_STANDARD = gnu11;
				GCC_DYNAMIC_NO_PIC = NO;
				GCC_NO_COMMON_BLOCKS = YES;
				GCC_OPTIMIZATION_LEVEL = 0;
				GCC_PREPROCESSOR_DEFINITIONS = (
					"DEBUG=1",
					"$(inherited)",
				);
				GCC_WARN_64_TO_32_BIT_CONVERSION = YES;
				GCC_WARN_ABOUT_RETURN_TYPE = YES_ERROR;
				GCC_WARN_UNDECLARED_SELECTOR = YES;
				GCC_WARN_UNINITIALIZED_AUTOS = YES_AGGRESSIVE;
				GCC_WARN_UNUSED_FUNCTION = YES;
				GCC_WARN_UNUSED_VARIABLE = YES;
				IPHONEOS_DEPLOYMENT_TARGET = 13.0;
				MTL_ENABLE_DEBUG_INFO = INCLUDE_SOURCE;
				MTL_FAST_MATH = YES;
				ONLY_ACTIVE_ARCH = YES;
				SDKROOT = iphoneos;
				SWIFT_ACTIVE_COMPILATION_CONDITIONS = DEBUG;
				SWIFT_OPTIMIZATION_LEVEL = "-Onone";
			};
			name = Debug;
		};
		95C7716125944C1F00EDF930 /* Release */ = {
			isa = XCBuildConfiguration;
			buildSettings = {
				ALWAYS_SEARCH_USER_PATHS = NO;
				CLANG_ANALYZER_NONNULL = YES;
				CLANG_ANALYZER_NUMBER_OBJECT_CONVERSION = YES_AGGRESSIVE;
				CLANG_CXX_LANGUAGE_STANDARD = "gnu++14";
				CLANG_CXX_LIBRARY = "libc++";
				CLANG_ENABLE_MODULES = YES;
				CLANG_ENABLE_OBJC_ARC = YES;
				CLANG_ENABLE_OBJC_WEAK = YES;
				CLANG_WARN_BLOCK_CAPTURE_AUTORELEASING = YES;
				CLANG_WARN_BOOL_CONVERSION = YES;
				CLANG_WARN_COMMA = YES;
				CLANG_WARN_CONSTANT_CONVERSION = YES;
				CLANG_WARN_DEPRECATED_OBJC_IMPLEMENTATIONS = YES;
				CLANG_WARN_DIRECT_OBJC_ISA_USAGE = YES_ERROR;
				CLANG_WARN_DOCUMENTATION_COMMENTS = YES;
				CLANG_WARN_EMPTY_BODY = YES;
				CLANG_WARN_ENUM_CONVERSION = YES;
				CLANG_WARN_INFINITE_RECURSION = YES;
				CLANG_WARN_INT_CONVERSION = YES;
				CLANG_WARN_NON_LITERAL_NULL_CONVERSION = YES;
				CLANG_WARN_OBJC_IMPLICIT_RETAIN_SELF = YES;
				CLANG_WARN_OBJC_LITERAL_CONVERSION = YES;
				CLANG_WARN_OBJC_ROOT_CLASS = YES_ERROR;
				CLANG_WARN_QUOTED_INCLUDE_IN_FRAMEWORK_HEADER = YES;
				CLANG_WARN_RANGE_LOOP_ANALYSIS = YES;
				CLANG_WARN_STRICT_PROTOTYPES = YES;
				CLANG_WARN_SUSPICIOUS_MOVE = YES;
				CLANG_WARN_UNGUARDED_AVAILABILITY = YES_AGGRESSIVE;
				CLANG_WARN_UNREACHABLE_CODE = YES;
				CLANG_WARN__DUPLICATE_METHOD_MATCH = YES;
				COPY_PHASE_STRIP = NO;
				DEBUG_INFORMATION_FORMAT = "dwarf-with-dsym";
				ENABLE_NS_ASSERTIONS = NO;
				ENABLE_STRICT_OBJC_MSGSEND = YES;
				GCC_C_LANGUAGE_STANDARD = gnu11;
				GCC_NO_COMMON_BLOCKS = YES;
				GCC_WARN_64_TO_32_BIT_CONVERSION = YES;
				GCC_WARN_ABOUT_RETURN_TYPE = YES_ERROR;
				GCC_WARN_UNDECLARED_SELECTOR = YES;
				GCC_WARN_UNINITIALIZED_AUTOS = YES_AGGRESSIVE;
				GCC_WARN_UNUSED_FUNCTION = YES;
				GCC_WARN_UNUSED_VARIABLE = YES;
				IPHONEOS_DEPLOYMENT_TARGET = 13.0;
				MTL_ENABLE_DEBUG_INFO = NO;
				MTL_FAST_MATH = YES;
				SDKROOT = iphoneos;
				SWIFT_COMPILATION_MODE = wholemodule;
				SWIFT_OPTIMIZATION_LEVEL = "-O";
				VALIDATE_PRODUCT = YES;
			};
			name = Release;
		};
		95C7716325944C1F00EDF930 /* Debug */ = {
			isa = XCBuildConfiguration;
			buildSettings = {
				ASSETCATALOG_COMPILER_APPICON_NAME = AppIcon;
				ASSETCATALOG_COMPILER_GLOBAL_ACCENT_COLOR_NAME = AccentColor;
				CODE_SIGN_STYLE = Automatic;
				DEVELOPMENT_TEAM = RUKEA88AF2;
				FRAMEWORK_SEARCH_PATHS = (
					"$(inherited)",
					"$(PROJECT_DIR)",
				);
				INFOPLIST_FILE = TurnTune/Info.plist;
				LD_RUNPATH_SEARCH_PATHS = (
					"$(inherited)",
					"@executable_path/Frameworks",
				);
				PRODUCT_BUNDLE_IDENTIFIER = com.louismenacho.TurnTune;
				PRODUCT_NAME = "$(TARGET_NAME)";
				SWIFT_OBJC_BRIDGING_HEADER = "TurnTune/TurnTune-Bridging-Header.h";
				SWIFT_VERSION = 5.0;
				TARGETED_DEVICE_FAMILY = 1;
			};
			name = Debug;
		};
		95C7716425944C1F00EDF930 /* Release */ = {
			isa = XCBuildConfiguration;
			buildSettings = {
				ASSETCATALOG_COMPILER_APPICON_NAME = AppIcon;
				ASSETCATALOG_COMPILER_GLOBAL_ACCENT_COLOR_NAME = AccentColor;
				CODE_SIGN_STYLE = Automatic;
				DEVELOPMENT_TEAM = RUKEA88AF2;
				FRAMEWORK_SEARCH_PATHS = (
					"$(inherited)",
					"$(PROJECT_DIR)",
				);
				INFOPLIST_FILE = TurnTune/Info.plist;
				LD_RUNPATH_SEARCH_PATHS = (
					"$(inherited)",
					"@executable_path/Frameworks",
				);
				PRODUCT_BUNDLE_IDENTIFIER = com.louismenacho.TurnTune;
				PRODUCT_NAME = "$(TARGET_NAME)";
				SWIFT_OBJC_BRIDGING_HEADER = "TurnTune/TurnTune-Bridging-Header.h";
				SWIFT_VERSION = 5.0;
				TARGETED_DEVICE_FAMILY = 1;
			};
			name = Release;
		};
/* End XCBuildConfiguration section */

/* Begin XCConfigurationList section */
		95C7714925944C1E00EDF930 /* Build configuration list for PBXProject "TurnTune" */ = {
			isa = XCConfigurationList;
			buildConfigurations = (
				95C7716025944C1F00EDF930 /* Debug */,
				95C7716125944C1F00EDF930 /* Release */,
			);
			defaultConfigurationIsVisible = 0;
			defaultConfigurationName = Release;
		};
		95C7716225944C1F00EDF930 /* Build configuration list for PBXNativeTarget "TurnTune" */ = {
			isa = XCConfigurationList;
			buildConfigurations = (
				95C7716325944C1F00EDF930 /* Debug */,
				95C7716425944C1F00EDF930 /* Release */,
			);
			defaultConfigurationIsVisible = 0;
			defaultConfigurationName = Release;
		};
/* End XCConfigurationList section */

/* Begin XCRemoteSwiftPackageReference section */
		95DDD0E2273B9D3100B47135 /* XCRemoteSwiftPackageReference "firebase-ios-sdk" */ = {
			isa = XCRemoteSwiftPackageReference;
			repositoryURL = "https://github.com/firebase/firebase-ios-sdk.git";
			requirement = {
				kind = upToNextMajorVersion;
				minimumVersion = 8.0.0;
			};
		};
/* End XCRemoteSwiftPackageReference section */

/* Begin XCSwiftPackageProductDependency section */
		95DDD0E3273B9D3100B47135 /* FirebaseAnalytics */ = {
			isa = XCSwiftPackageProductDependency;
			package = 95DDD0E2273B9D3100B47135 /* XCRemoteSwiftPackageReference "firebase-ios-sdk" */;
			productName = FirebaseAnalytics;
		};
		95DDD0E5273B9D3100B47135 /* FirebaseAnalyticsSwift-Beta */ = {
			isa = XCSwiftPackageProductDependency;
			package = 95DDD0E2273B9D3100B47135 /* XCRemoteSwiftPackageReference "firebase-ios-sdk" */;
			productName = "FirebaseAnalyticsSwift-Beta";
		};
		95DDD0E7273B9D3100B47135 /* FirebaseAuth */ = {
			isa = XCSwiftPackageProductDependency;
			package = 95DDD0E2273B9D3100B47135 /* XCRemoteSwiftPackageReference "firebase-ios-sdk" */;
			productName = FirebaseAuth;
		};
		95DDD0E9273B9D3100B47135 /* FirebaseAuthCombine-Community */ = {
			isa = XCSwiftPackageProductDependency;
			package = 95DDD0E2273B9D3100B47135 /* XCRemoteSwiftPackageReference "firebase-ios-sdk" */;
			productName = "FirebaseAuthCombine-Community";
		};
		95DDD0EB273B9D3100B47135 /* FirebaseDatabase */ = {
			isa = XCSwiftPackageProductDependency;
			package = 95DDD0E2273B9D3100B47135 /* XCRemoteSwiftPackageReference "firebase-ios-sdk" */;
			productName = FirebaseDatabase;
		};
		95DDD0ED273B9D3100B47135 /* FirebaseDatabaseSwift-Beta */ = {
			isa = XCSwiftPackageProductDependency;
			package = 95DDD0E2273B9D3100B47135 /* XCRemoteSwiftPackageReference "firebase-ios-sdk" */;
			productName = "FirebaseDatabaseSwift-Beta";
		};
		95DDD0EF273B9D3100B47135 /* FirebaseFirestore */ = {
			isa = XCSwiftPackageProductDependency;
			package = 95DDD0E2273B9D3100B47135 /* XCRemoteSwiftPackageReference "firebase-ios-sdk" */;
			productName = FirebaseFirestore;
		};
		95DDD0F1273B9D3100B47135 /* FirebaseFirestoreCombine-Community */ = {
			isa = XCSwiftPackageProductDependency;
			package = 95DDD0E2273B9D3100B47135 /* XCRemoteSwiftPackageReference "firebase-ios-sdk" */;
			productName = "FirebaseFirestoreCombine-Community";
		};
		95DDD0F3273B9D3100B47135 /* FirebaseFirestoreSwift-Beta */ = {
			isa = XCSwiftPackageProductDependency;
			package = 95DDD0E2273B9D3100B47135 /* XCRemoteSwiftPackageReference "firebase-ios-sdk" */;
			productName = "FirebaseFirestoreSwift-Beta";
		};
		95DDD0F5273B9D3100B47135 /* FirebaseFunctions */ = {
			isa = XCSwiftPackageProductDependency;
			package = 95DDD0E2273B9D3100B47135 /* XCRemoteSwiftPackageReference "firebase-ios-sdk" */;
			productName = FirebaseFunctions;
		};
		95DDD0F7273B9D3100B47135 /* FirebaseFunctionsCombine-Community */ = {
			isa = XCSwiftPackageProductDependency;
			package = 95DDD0E2273B9D3100B47135 /* XCRemoteSwiftPackageReference "firebase-ios-sdk" */;
			productName = "FirebaseFunctionsCombine-Community";
		};
/* End XCSwiftPackageProductDependency section */
	};
	rootObject = 95C7714625944C1E00EDF930 /* Project object */;
}
