// !$*UTF8*$!
{
	archiveVersion = 1;
	classes = {
	};
	objectVersion = 52;
	objects = {

/* Begin PBXBuildFile section */
		9515B338273B901100CADB77 /* FormView.swift in Sources */ = {isa = PBXBuildFile; fileRef = 9515B337273B901100CADB77 /* FormView.swift */; };
		954AE28927743D60007CD15C /* HomeViewModel.swift in Sources */ = {isa = PBXBuildFile; fileRef = 954AE28827743D60007CD15C /* HomeViewModel.swift */; };
		954AE28B27743F89007CD15C /* SearchViewModel.swift in Sources */ = {isa = PBXBuildFile; fileRef = 954AE28A27743F89007CD15C /* SearchViewModel.swift */; };
		9584F29E2741F6010018FBFB /* PlaylistViewController.swift in Sources */ = {isa = PBXBuildFile; fileRef = 9584F29D2741F6010018FBFB /* PlaylistViewController.swift */; };
		9584F2A12741FCFA0018FBFB /* PlaylistTableViewCell.swift in Sources */ = {isa = PBXBuildFile; fileRef = 9584F2A02741FCFA0018FBFB /* PlaylistTableViewCell.swift */; };
		9584F2A32744CD130018FBFB /* SearchViewController.swift in Sources */ = {isa = PBXBuildFile; fileRef = 9584F2A22744CD130018FBFB /* SearchViewController.swift */; };
		9584F2A52744DB080018FBFB /* SearchTableViewCell.swift in Sources */ = {isa = PBXBuildFile; fileRef = 9584F2A42744DB080018FBFB /* SearchTableViewCell.swift */; };
		9584F2A72747750A0018FBFB /* SessionDetailsViewController.swift in Sources */ = {isa = PBXBuildFile; fileRef = 9584F2A62747750A0018FBFB /* SessionDetailsViewController.swift */; };
		958949C92778284200F3C8E3 /* PlaylistViewModel.swift in Sources */ = {isa = PBXBuildFile; fileRef = 958949C82778284200F3C8E3 /* PlaylistViewModel.swift */; };
		958949CB2779677A00F3C8E3 /* SearchResultItem.swift in Sources */ = {isa = PBXBuildFile; fileRef = 958949CA2779677A00F3C8E3 /* SearchResultItem.swift */; };
		958949CD2779679400F3C8E3 /* Song.swift in Sources */ = {isa = PBXBuildFile; fileRef = 958949CC2779679400F3C8E3 /* Song.swift */; };
		958949D02779821B00F3C8E3 /* SDWebImage in Frameworks */ = {isa = PBXBuildFile; productRef = 958949CF2779821B00F3C8E3 /* SDWebImage */; };
		958949D22779821B00F3C8E3 /* SDWebImageMapKit in Frameworks */ = {isa = PBXBuildFile; productRef = 958949D12779821B00F3C8E3 /* SDWebImageMapKit */; };
		958949D6277A3D0900F3C8E3 /* Session.swift in Sources */ = {isa = PBXBuildFile; fileRef = 958949D5277A3D0900F3C8E3 /* Session.swift */; };
		958949D8277A3DC400F3C8E3 /* Member.swift in Sources */ = {isa = PBXBuildFile; fileRef = 958949D7277A3DC400F3C8E3 /* Member.swift */; };
		958949DA277B715C00F3C8E3 /* SessionDetailsViewModel.swift in Sources */ = {isa = PBXBuildFile; fileRef = 958949D9277B715C00F3C8E3 /* SessionDetailsViewModel.swift */; };
		958CDBFD273F484B00001DB9 /* SwitchControl.swift in Sources */ = {isa = PBXBuildFile; fileRef = 958CDBFC273F484B00001DB9 /* SwitchControl.swift */; };
		95C6C68C27494E9300C590DB /* MemberTableViewCell.swift in Sources */ = {isa = PBXBuildFile; fileRef = 95C6C68B27494E9300C590DB /* MemberTableViewCell.swift */; };
		95C6C68F274CA46A00C590DB /* FirestoreRepository.swift in Sources */ = {isa = PBXBuildFile; fileRef = 95C6C68E274CA46A00C590DB /* FirestoreRepository.swift */; };
		95C6C694274CA5EA00C590DB /* RemoteRepository.swift in Sources */ = {isa = PBXBuildFile; fileRef = 95C6C693274CA5EA00C590DB /* RemoteRepository.swift */; };
		95C6C696274CA60F00C590DB /* FirestoreDocument.swift in Sources */ = {isa = PBXBuildFile; fileRef = 95C6C695274CA60F00C590DB /* FirestoreDocument.swift */; };
		95C6C698274CAC9400C590DB /* RepositoryError.swift in Sources */ = {isa = PBXBuildFile; fileRef = 95C6C697274CAC9400C590DB /* RepositoryError.swift */; };
		95C7715225944C1E00EDF930 /* AppDelegate.swift in Sources */ = {isa = PBXBuildFile; fileRef = 95C7715125944C1E00EDF930 /* AppDelegate.swift */; };
		95C7715425944C1E00EDF930 /* SceneDelegate.swift in Sources */ = {isa = PBXBuildFile; fileRef = 95C7715325944C1E00EDF930 /* SceneDelegate.swift */; };
		95C7715925944C1E00EDF930 /* Main.storyboard in Resources */ = {isa = PBXBuildFile; fileRef = 95C7715725944C1E00EDF930 /* Main.storyboard */; };
		95C7715B25944C1F00EDF930 /* Assets.xcassets in Resources */ = {isa = PBXBuildFile; fileRef = 95C7715A25944C1F00EDF930 /* Assets.xcassets */; };
		95C7715E25944C1F00EDF930 /* LaunchScreen.storyboard in Resources */ = {isa = PBXBuildFile; fileRef = 95C7715C25944C1F00EDF930 /* LaunchScreen.storyboard */; };
		95C7716D2597F07100EDF930 /* GoogleService-Info.plist in Resources */ = {isa = PBXBuildFile; fileRef = 95C7716C2597F07100EDF930 /* GoogleService-Info.plist */; };
		95D02669276D98D1004BCD7B /* APIClient.swift in Sources */ = {isa = PBXBuildFile; fileRef = 95D02668276D98D1004BCD7B /* APIClient.swift */; };
		95D0266B276D9903004BCD7B /* APIEndpoint.swift in Sources */ = {isa = PBXBuildFile; fileRef = 95D0266A276D9903004BCD7B /* APIEndpoint.swift */; };
		95D0266D276D9909004BCD7B /* APIRequest.swift in Sources */ = {isa = PBXBuildFile; fileRef = 95D0266C276D9909004BCD7B /* APIRequest.swift */; };
		95D02672276D9B03004BCD7B /* HTTPMethod.swift in Sources */ = {isa = PBXBuildFile; fileRef = 95D0266F276D9B03004BCD7B /* HTTPMethod.swift */; };
		95D02674276D9B03004BCD7B /* HTTPAuthorization.swift in Sources */ = {isa = PBXBuildFile; fileRef = 95D02671276D9B03004BCD7B /* HTTPAuthorization.swift */; };
		95D02679276D9FFB004BCD7B /* UserDefaultsRepository.swift in Sources */ = {isa = PBXBuildFile; fileRef = 95D02678276D9FFB004BCD7B /* UserDefaultsRepository.swift */; };
		95D0267D276DA099004BCD7B /* UserDefaultsProperty.swift in Sources */ = {isa = PBXBuildFile; fileRef = 95D0267C276DA099004BCD7B /* UserDefaultsProperty.swift */; };
		95D02692276DA1DF004BCD7B /* SpotifyReponseModels.swift in Sources */ = {isa = PBXBuildFile; fileRef = 95D02684276DA1DF004BCD7B /* SpotifyReponseModels.swift */; };
		95D02694276DA1DF004BCD7B /* SpotifyAPIEndpoint.swift in Sources */ = {isa = PBXBuildFile; fileRef = 95D02686276DA1DF004BCD7B /* SpotifyAPIEndpoint.swift */; };
		95D02695276DA1DF004BCD7B /* SpotifyUserProfileAPI.swift in Sources */ = {isa = PBXBuildFile; fileRef = 95D02688276DA1DF004BCD7B /* SpotifyUserProfileAPI.swift */; };
		95D02696276DA1DF004BCD7B /* SpotifyAccountsAPI.swift in Sources */ = {isa = PBXBuildFile; fileRef = 95D02689276DA1DF004BCD7B /* SpotifyAccountsAPI.swift */; };
		95D02697276DA1DF004BCD7B /* SpotifySearchAPI.swift in Sources */ = {isa = PBXBuildFile; fileRef = 95D0268A276DA1DF004BCD7B /* SpotifySearchAPI.swift */; };
		95D02698276DA1DF004BCD7B /* SpotfiyRecommendationsAPI.swift in Sources */ = {isa = PBXBuildFile; fileRef = 95D0268B276DA1DF004BCD7B /* SpotfiyRecommendationsAPI.swift */; };
		95D02699276DA1DF004BCD7B /* SpotifyPlayerAPI.swift in Sources */ = {isa = PBXBuildFile; fileRef = 95D0268C276DA1DF004BCD7B /* SpotifyPlayerAPI.swift */; };
		95D0269A276DA1DF004BCD7B /* SpotifyAPIClient.swift in Sources */ = {isa = PBXBuildFile; fileRef = 95D0268D276DA1DF004BCD7B /* SpotifyAPIClient.swift */; };
		95D0269C276DCE43004BCD7B /* ClientError.swift in Sources */ = {isa = PBXBuildFile; fileRef = 95D0269B276DCE43004BCD7B /* ClientError.swift */; };
		95D0269F276EDD09004BCD7B /* SpotifyCredentials.swift in Sources */ = {isa = PBXBuildFile; fileRef = 95D0269E276EDD09004BCD7B /* SpotifyCredentials.swift */; };
		95D9747025B41CB9000286C9 /* HomeViewController.swift in Sources */ = {isa = PBXBuildFile; fileRef = 95D9746F25B41CB9000286C9 /* HomeViewController.swift */; };
		95DDD0E4273B9D3100B47135 /* FirebaseAnalytics in Frameworks */ = {isa = PBXBuildFile; productRef = 95DDD0E3273B9D3100B47135 /* FirebaseAnalytics */; };
		95DDD0E6273B9D3100B47135 /* FirebaseAnalyticsSwift-Beta in Frameworks */ = {isa = PBXBuildFile; productRef = 95DDD0E5273B9D3100B47135 /* FirebaseAnalyticsSwift-Beta */; };
		95DDD0E8273B9D3100B47135 /* FirebaseAuth in Frameworks */ = {isa = PBXBuildFile; productRef = 95DDD0E7273B9D3100B47135 /* FirebaseAuth */; };
		95DDD0EA273B9D3100B47135 /* FirebaseAuthCombine-Community in Frameworks */ = {isa = PBXBuildFile; productRef = 95DDD0E9273B9D3100B47135 /* FirebaseAuthCombine-Community */; };
		95DDD0EC273B9D3100B47135 /* FirebaseDatabase in Frameworks */ = {isa = PBXBuildFile; productRef = 95DDD0EB273B9D3100B47135 /* FirebaseDatabase */; };
		95DDD0EE273B9D3100B47135 /* FirebaseDatabaseSwift-Beta in Frameworks */ = {isa = PBXBuildFile; productRef = 95DDD0ED273B9D3100B47135 /* FirebaseDatabaseSwift-Beta */; };
		95DDD0F0273B9D3100B47135 /* FirebaseFirestore in Frameworks */ = {isa = PBXBuildFile; productRef = 95DDD0EF273B9D3100B47135 /* FirebaseFirestore */; };
		95DDD0F2273B9D3100B47135 /* FirebaseFirestoreCombine-Community in Frameworks */ = {isa = PBXBuildFile; productRef = 95DDD0F1273B9D3100B47135 /* FirebaseFirestoreCombine-Community */; };
		95DDD0F4273B9D3100B47135 /* FirebaseFirestoreSwift-Beta in Frameworks */ = {isa = PBXBuildFile; productRef = 95DDD0F3273B9D3100B47135 /* FirebaseFirestoreSwift-Beta */; };
		95DDD0F6273B9D3100B47135 /* FirebaseFunctions in Frameworks */ = {isa = PBXBuildFile; productRef = 95DDD0F5273B9D3100B47135 /* FirebaseFunctions */; };
		95DDD0F8273B9D3100B47135 /* FirebaseFunctionsCombine-Community in Frameworks */ = {isa = PBXBuildFile; productRef = 95DDD0F7273B9D3100B47135 /* FirebaseFunctionsCombine-Community */; };
		95E62FB3273B99CC0032F115 /* SpotifyiOS.xcframework in Frameworks */ = {isa = PBXBuildFile; fileRef = 95E62FB2273B99CC0032F115 /* SpotifyiOS.xcframework */; };
		95E62FB4273B99CC0032F115 /* SpotifyiOS.xcframework in Embed Frameworks */ = {isa = PBXBuildFile; fileRef = 95E62FB2273B99CC0032F115 /* SpotifyiOS.xcframework */; settings = {ATTRIBUTES = (CodeSignOnCopy, RemoveHeadersOnCopy, ); }; };
/* End PBXBuildFile section */

/* Begin PBXCopyFilesBuildPhase section */
		95E62FB5273B99CC0032F115 /* Embed Frameworks */ = {
			isa = PBXCopyFilesBuildPhase;
			buildActionMask = 2147483647;
			dstPath = "";
			dstSubfolderSpec = 10;
			files = (
				95E62FB4273B99CC0032F115 /* SpotifyiOS.xcframework in Embed Frameworks */,
			);
			name = "Embed Frameworks";
			runOnlyForDeploymentPostprocessing = 0;
		};
/* End PBXCopyFilesBuildPhase section */

/* Begin PBXFileReference section */
		9515B337273B901100CADB77 /* FormView.swift */ = {isa = PBXFileReference; lastKnownFileType = sourcecode.swift; path = FormView.swift; sourceTree = "<group>"; };
		954AE28827743D60007CD15C /* HomeViewModel.swift */ = {isa = PBXFileReference; lastKnownFileType = sourcecode.swift; path = HomeViewModel.swift; sourceTree = "<group>"; };
		954AE28A27743F89007CD15C /* SearchViewModel.swift */ = {isa = PBXFileReference; lastKnownFileType = sourcecode.swift; path = SearchViewModel.swift; sourceTree = "<group>"; };
		9584F29D2741F6010018FBFB /* PlaylistViewController.swift */ = {isa = PBXFileReference; lastKnownFileType = sourcecode.swift; path = PlaylistViewController.swift; sourceTree = "<group>"; };
		9584F2A02741FCFA0018FBFB /* PlaylistTableViewCell.swift */ = {isa = PBXFileReference; lastKnownFileType = sourcecode.swift; path = PlaylistTableViewCell.swift; sourceTree = "<group>"; };
		9584F2A22744CD130018FBFB /* SearchViewController.swift */ = {isa = PBXFileReference; lastKnownFileType = sourcecode.swift; path = SearchViewController.swift; sourceTree = "<group>"; };
		9584F2A42744DB080018FBFB /* SearchTableViewCell.swift */ = {isa = PBXFileReference; lastKnownFileType = sourcecode.swift; path = SearchTableViewCell.swift; sourceTree = "<group>"; };
		9584F2A62747750A0018FBFB /* SessionDetailsViewController.swift */ = {isa = PBXFileReference; lastKnownFileType = sourcecode.swift; path = SessionDetailsViewController.swift; sourceTree = "<group>"; };
		958949C82778284200F3C8E3 /* PlaylistViewModel.swift */ = {isa = PBXFileReference; lastKnownFileType = sourcecode.swift; path = PlaylistViewModel.swift; sourceTree = "<group>"; };
		958949CA2779677A00F3C8E3 /* SearchResultItem.swift */ = {isa = PBXFileReference; lastKnownFileType = sourcecode.swift; path = SearchResultItem.swift; sourceTree = "<group>"; };
		958949CC2779679400F3C8E3 /* Song.swift */ = {isa = PBXFileReference; lastKnownFileType = sourcecode.swift; path = Song.swift; sourceTree = "<group>"; };
		958949D5277A3D0900F3C8E3 /* Session.swift */ = {isa = PBXFileReference; lastKnownFileType = sourcecode.swift; path = Session.swift; sourceTree = "<group>"; };
		958949D7277A3DC400F3C8E3 /* Member.swift */ = {isa = PBXFileReference; lastKnownFileType = sourcecode.swift; path = Member.swift; sourceTree = "<group>"; };
		958949D9277B715C00F3C8E3 /* SessionDetailsViewModel.swift */ = {isa = PBXFileReference; lastKnownFileType = sourcecode.swift; path = SessionDetailsViewModel.swift; sourceTree = "<group>"; };
		958B33DD25CBAE47002B8F7E /* TurnTune-Bridging-Header.h */ = {isa = PBXFileReference; lastKnownFileType = sourcecode.c.h; path = "TurnTune-Bridging-Header.h"; sourceTree = "<group>"; };
		958CDBFC273F484B00001DB9 /* SwitchControl.swift */ = {isa = PBXFileReference; lastKnownFileType = sourcecode.swift; path = SwitchControl.swift; sourceTree = "<group>"; };
		95C6C68B27494E9300C590DB /* MemberTableViewCell.swift */ = {isa = PBXFileReference; lastKnownFileType = sourcecode.swift; path = MemberTableViewCell.swift; sourceTree = "<group>"; };
		95C6C68E274CA46A00C590DB /* FirestoreRepository.swift */ = {isa = PBXFileReference; fileEncoding = 4; lastKnownFileType = sourcecode.swift; path = FirestoreRepository.swift; sourceTree = "<group>"; };
		95C6C693274CA5EA00C590DB /* RemoteRepository.swift */ = {isa = PBXFileReference; fileEncoding = 4; lastKnownFileType = sourcecode.swift; path = RemoteRepository.swift; sourceTree = "<group>"; };
		95C6C695274CA60F00C590DB /* FirestoreDocument.swift */ = {isa = PBXFileReference; fileEncoding = 4; lastKnownFileType = sourcecode.swift; path = FirestoreDocument.swift; sourceTree = "<group>"; };
		95C6C697274CAC9400C590DB /* RepositoryError.swift */ = {isa = PBXFileReference; fileEncoding = 4; lastKnownFileType = sourcecode.swift; path = RepositoryError.swift; sourceTree = "<group>"; };
		95C7714E25944C1E00EDF930 /* TurnTune.app */ = {isa = PBXFileReference; explicitFileType = wrapper.application; includeInIndex = 0; path = TurnTune.app; sourceTree = BUILT_PRODUCTS_DIR; };
		95C7715125944C1E00EDF930 /* AppDelegate.swift */ = {isa = PBXFileReference; lastKnownFileType = sourcecode.swift; path = AppDelegate.swift; sourceTree = "<group>"; };
		95C7715325944C1E00EDF930 /* SceneDelegate.swift */ = {isa = PBXFileReference; lastKnownFileType = sourcecode.swift; path = SceneDelegate.swift; sourceTree = "<group>"; };
		95C7715825944C1E00EDF930 /* Base */ = {isa = PBXFileReference; lastKnownFileType = file.storyboard; name = Base; path = Base.lproj/Main.storyboard; sourceTree = "<group>"; };
		95C7715A25944C1F00EDF930 /* Assets.xcassets */ = {isa = PBXFileReference; lastKnownFileType = folder.assetcatalog; path = Assets.xcassets; sourceTree = "<group>"; };
		95C7715D25944C1F00EDF930 /* Base */ = {isa = PBXFileReference; lastKnownFileType = file.storyboard; name = Base; path = Base.lproj/LaunchScreen.storyboard; sourceTree = "<group>"; };
		95C7715F25944C1F00EDF930 /* Info.plist */ = {isa = PBXFileReference; lastKnownFileType = text.plist.xml; path = Info.plist; sourceTree = "<group>"; };
		95C7716C2597F07100EDF930 /* GoogleService-Info.plist */ = {isa = PBXFileReference; fileEncoding = 4; lastKnownFileType = text.plist.xml; path = "GoogleService-Info.plist"; sourceTree = "<group>"; };
		95D02668276D98D1004BCD7B /* APIClient.swift */ = {isa = PBXFileReference; lastKnownFileType = sourcecode.swift; path = APIClient.swift; sourceTree = "<group>"; };
		95D0266A276D9903004BCD7B /* APIEndpoint.swift */ = {isa = PBXFileReference; lastKnownFileType = sourcecode.swift; path = APIEndpoint.swift; sourceTree = "<group>"; };
		95D0266C276D9909004BCD7B /* APIRequest.swift */ = {isa = PBXFileReference; lastKnownFileType = sourcecode.swift; path = APIRequest.swift; sourceTree = "<group>"; };
		95D0266F276D9B03004BCD7B /* HTTPMethod.swift */ = {isa = PBXFileReference; fileEncoding = 4; lastKnownFileType = sourcecode.swift; path = HTTPMethod.swift; sourceTree = "<group>"; };
		95D02671276D9B03004BCD7B /* HTTPAuthorization.swift */ = {isa = PBXFileReference; fileEncoding = 4; lastKnownFileType = sourcecode.swift; path = HTTPAuthorization.swift; sourceTree = "<group>"; };
		95D02678276D9FFB004BCD7B /* UserDefaultsRepository.swift */ = {isa = PBXFileReference; fileEncoding = 4; lastKnownFileType = sourcecode.swift; path = UserDefaultsRepository.swift; sourceTree = "<group>"; };
		95D0267C276DA099004BCD7B /* UserDefaultsProperty.swift */ = {isa = PBXFileReference; fileEncoding = 4; lastKnownFileType = sourcecode.swift; path = UserDefaultsProperty.swift; sourceTree = "<group>"; };
		95D02684276DA1DF004BCD7B /* SpotifyReponseModels.swift */ = {isa = PBXFileReference; fileEncoding = 4; lastKnownFileType = sourcecode.swift; path = SpotifyReponseModels.swift; sourceTree = "<group>"; };
		95D02686276DA1DF004BCD7B /* SpotifyAPIEndpoint.swift */ = {isa = PBXFileReference; fileEncoding = 4; lastKnownFileType = sourcecode.swift; path = SpotifyAPIEndpoint.swift; sourceTree = "<group>"; };
		95D02688276DA1DF004BCD7B /* SpotifyUserProfileAPI.swift */ = {isa = PBXFileReference; fileEncoding = 4; lastKnownFileType = sourcecode.swift; path = SpotifyUserProfileAPI.swift; sourceTree = "<group>"; };
		95D02689276DA1DF004BCD7B /* SpotifyAccountsAPI.swift */ = {isa = PBXFileReference; fileEncoding = 4; lastKnownFileType = sourcecode.swift; path = SpotifyAccountsAPI.swift; sourceTree = "<group>"; };
		95D0268A276DA1DF004BCD7B /* SpotifySearchAPI.swift */ = {isa = PBXFileReference; fileEncoding = 4; lastKnownFileType = sourcecode.swift; path = SpotifySearchAPI.swift; sourceTree = "<group>"; };
		95D0268B276DA1DF004BCD7B /* SpotfiyRecommendationsAPI.swift */ = {isa = PBXFileReference; fileEncoding = 4; lastKnownFileType = sourcecode.swift; path = SpotfiyRecommendationsAPI.swift; sourceTree = "<group>"; };
		95D0268C276DA1DF004BCD7B /* SpotifyPlayerAPI.swift */ = {isa = PBXFileReference; fileEncoding = 4; lastKnownFileType = sourcecode.swift; path = SpotifyPlayerAPI.swift; sourceTree = "<group>"; };
		95D0268D276DA1DF004BCD7B /* SpotifyAPIClient.swift */ = {isa = PBXFileReference; fileEncoding = 4; lastKnownFileType = sourcecode.swift; path = SpotifyAPIClient.swift; sourceTree = "<group>"; };
		95D0269B276DCE43004BCD7B /* ClientError.swift */ = {isa = PBXFileReference; lastKnownFileType = sourcecode.swift; path = ClientError.swift; sourceTree = "<group>"; };
		95D0269E276EDD09004BCD7B /* SpotifyCredentials.swift */ = {isa = PBXFileReference; fileEncoding = 4; lastKnownFileType = sourcecode.swift; path = SpotifyCredentials.swift; sourceTree = "<group>"; };
		95D9746F25B41CB9000286C9 /* HomeViewController.swift */ = {isa = PBXFileReference; fileEncoding = 4; lastKnownFileType = sourcecode.swift; path = HomeViewController.swift; sourceTree = "<group>"; };
		95E62FB2273B99CC0032F115 /* SpotifyiOS.xcframework */ = {isa = PBXFileReference; lastKnownFileType = wrapper.xcframework; name = SpotifyiOS.xcframework; path = "../../Downloads/ios-sdk-master/SpotifyiOS.xcframework"; sourceTree = "<group>"; };
/* End PBXFileReference section */

/* Begin PBXFrameworksBuildPhase section */
		95C7714B25944C1E00EDF930 /* Frameworks */ = {
			isa = PBXFrameworksBuildPhase;
			buildActionMask = 2147483647;
			files = (
				95DDD0EC273B9D3100B47135 /* FirebaseDatabase in Frameworks */,
				95DDD0E6273B9D3100B47135 /* FirebaseAnalyticsSwift-Beta in Frameworks */,
				95DDD0E4273B9D3100B47135 /* FirebaseAnalytics in Frameworks */,
				95DDD0F2273B9D3100B47135 /* FirebaseFirestoreCombine-Community in Frameworks */,
				95E62FB3273B99CC0032F115 /* SpotifyiOS.xcframework in Frameworks */,
				95DDD0E8273B9D3100B47135 /* FirebaseAuth in Frameworks */,
				95DDD0F0273B9D3100B47135 /* FirebaseFirestore in Frameworks */,
				95DDD0F4273B9D3100B47135 /* FirebaseFirestoreSwift-Beta in Frameworks */,
				95DDD0EE273B9D3100B47135 /* FirebaseDatabaseSwift-Beta in Frameworks */,
				95DDD0F6273B9D3100B47135 /* FirebaseFunctions in Frameworks */,
				958949D02779821B00F3C8E3 /* SDWebImage in Frameworks */,
				95DDD0EA273B9D3100B47135 /* FirebaseAuthCombine-Community in Frameworks */,
				958949D22779821B00F3C8E3 /* SDWebImageMapKit in Frameworks */,
				95DDD0F8273B9D3100B47135 /* FirebaseFunctionsCombine-Community in Frameworks */,
			);
			runOnlyForDeploymentPostprocessing = 0;
		};
/* End PBXFrameworksBuildPhase section */

/* Begin PBXGroup section */
		38A9C01ACE68FCFA85363B90 /* Frameworks */ = {
			isa = PBXGroup;
			children = (
				95E62FB2273B99CC0032F115 /* SpotifyiOS.xcframework */,
			);
			name = Frameworks;
			sourceTree = "<group>";
		};
		9515B336273B8EC000CADB77 /* HomeView */ = {
			isa = PBXGroup;
			children = (
				9515B337273B901100CADB77 /* FormView.swift */,
				958CDBFC273F484B00001DB9 /* SwitchControl.swift */,
			);
			path = HomeView;
			sourceTree = "<group>";
		};
		9584F29F2741F6080018FBFB /* PlaylistView */ = {
			isa = PBXGroup;
			children = (
				9584F2A02741FCFA0018FBFB /* PlaylistTableViewCell.swift */,
			);
			path = PlaylistView;
			sourceTree = "<group>";
		};
		95C6C68927494E6000C590DB /* SearchView */ = {
			isa = PBXGroup;
			children = (
				9584F2A42744DB080018FBFB /* SearchTableViewCell.swift */,
			);
			path = SearchView;
			sourceTree = "<group>";
		};
		95C6C68A27494E6600C590DB /* SessionDetailView */ = {
			isa = PBXGroup;
			children = (
				95C6C68B27494E9300C590DB /* MemberTableViewCell.swift */,
			);
			path = SessionDetailView;
			sourceTree = "<group>";
		};
		95C6C68D274CA45100C590DB /* Repository */ = {
			isa = PBXGroup;
			children = (
				95C6C693274CA5EA00C590DB /* RemoteRepository.swift */,
				95C6C697274CAC9400C590DB /* RepositoryError.swift */,
				95D02676276D9FA4004BCD7B /* Firestore */,
				95D02677276D9FC8004BCD7B /* UserDefaults */,
			);
			path = Repository;
			sourceTree = "<group>";
		};
		95C6C692274CA51E00C590DB /* Model */ = {
			isa = PBXGroup;
			children = (
				958949D5277A3D0900F3C8E3 /* Session.swift */,
				958949D7277A3DC400F3C8E3 /* Member.swift */,
				958949CC2779679400F3C8E3 /* Song.swift */,
				958949CA2779677A00F3C8E3 /* SearchResultItem.swift */,
				95D0269E276EDD09004BCD7B /* SpotifyCredentials.swift */,
			);
			path = Model;
			sourceTree = "<group>";
		};
		95C7714525944C1E00EDF930 = {
			isa = PBXGroup;
			children = (
				95C7715025944C1E00EDF930 /* TurnTune */,
				95C7714F25944C1E00EDF930 /* Products */,
				38A9C01ACE68FCFA85363B90 /* Frameworks */,
			);
			sourceTree = "<group>";
		};
		95C7714F25944C1E00EDF930 /* Products */ = {
			isa = PBXGroup;
			children = (
				95C7714E25944C1E00EDF930 /* TurnTune.app */,
			);
			name = Products;
			sourceTree = "<group>";
		};
		95C7715025944C1E00EDF930 /* TurnTune */ = {
			isa = PBXGroup;
			children = (
				95C7715125944C1E00EDF930 /* AppDelegate.swift */,
				95C7715325944C1E00EDF930 /* SceneDelegate.swift */,
				958B33DD25CBAE47002B8F7E /* TurnTune-Bridging-Header.h */,
				95D02667276D974F004BCD7B /* Client */,
				95C6C68D274CA45100C590DB /* Repository */,
				95D026A3277243F9004BCD7B /* ViewModel */,
				95C6C692274CA51E00C590DB /* Model */,
				95C771682597ED6900EDF930 /* Controller */,
				95C771692597ED8300EDF930 /* View */,
				95C7715A25944C1F00EDF930 /* Assets.xcassets */,
				95C7715F25944C1F00EDF930 /* Info.plist */,
				95C7716C2597F07100EDF930 /* GoogleService-Info.plist */,
			);
			path = TurnTune;
			sourceTree = "<group>";
		};
		95C771682597ED6900EDF930 /* Controller */ = {
			isa = PBXGroup;
			children = (
				95D9746F25B41CB9000286C9 /* HomeViewController.swift */,
				9584F29D2741F6010018FBFB /* PlaylistViewController.swift */,
				9584F2A22744CD130018FBFB /* SearchViewController.swift */,
				9584F2A62747750A0018FBFB /* SessionDetailsViewController.swift */,
			);
			path = Controller;
			sourceTree = "<group>";
		};
		95C771692597ED8300EDF930 /* View */ = {
			isa = PBXGroup;
			children = (
				9515B336273B8EC000CADB77 /* HomeView */,
				9584F29F2741F6080018FBFB /* PlaylistView */,
				95C6C68927494E6000C590DB /* SearchView */,
				95C6C68A27494E6600C590DB /* SessionDetailView */,
				95C7715C25944C1F00EDF930 /* LaunchScreen.storyboard */,
				95C7715725944C1E00EDF930 /* Main.storyboard */,
			);
			path = View;
			sourceTree = "<group>";
		};
		95D02667276D974F004BCD7B /* Client */ = {
			isa = PBXGroup;
			children = (
				95D02668276D98D1004BCD7B /* APIClient.swift */,
				95D0266A276D9903004BCD7B /* APIEndpoint.swift */,
				95D0266C276D9909004BCD7B /* APIRequest.swift */,
				95D0266F276D9B03004BCD7B /* HTTPMethod.swift */,
				95D02671276D9B03004BCD7B /* HTTPAuthorization.swift */,
				95D0269B276DCE43004BCD7B /* ClientError.swift */,
				95D0267E276DA1DF004BCD7B /* Spotify */,
			);
			path = Client;
			sourceTree = "<group>";
		};
		95D02676276D9FA4004BCD7B /* Firestore */ = {
			isa = PBXGroup;
			children = (
				95C6C695274CA60F00C590DB /* FirestoreDocument.swift */,
				95C6C68E274CA46A00C590DB /* FirestoreRepository.swift */,
			);
			path = Firestore;
			sourceTree = "<group>";
		};
		95D02677276D9FC8004BCD7B /* UserDefaults */ = {
			isa = PBXGroup;
			children = (
				95D0267C276DA099004BCD7B /* UserDefaultsProperty.swift */,
				95D02678276D9FFB004BCD7B /* UserDefaultsRepository.swift */,
			);
			path = UserDefaults;
			sourceTree = "<group>";
		};
		95D0267E276DA1DF004BCD7B /* Spotify */ = {
			isa = PBXGroup;
			children = (
				95D0268D276DA1DF004BCD7B /* SpotifyAPIClient.swift */,
				95D02686276DA1DF004BCD7B /* SpotifyAPIEndpoint.swift */,
				95D02687276DA1DF004BCD7B /* Endpoint */,
				95D0267F276DA1DF004BCD7B /* Response */,
			);
			path = Spotify;
			sourceTree = "<group>";
		};
		95D0267F276DA1DF004BCD7B /* Response */ = {
			isa = PBXGroup;
			children = (
				95D02684276DA1DF004BCD7B /* SpotifyReponseModels.swift */,
			);
			path = Response;
			sourceTree = "<group>";
		};
		95D02687276DA1DF004BCD7B /* Endpoint */ = {
			isa = PBXGroup;
			children = (
				95D02688276DA1DF004BCD7B /* SpotifyUserProfileAPI.swift */,
				95D02689276DA1DF004BCD7B /* SpotifyAccountsAPI.swift */,
				95D0268A276DA1DF004BCD7B /* SpotifySearchAPI.swift */,
				95D0268B276DA1DF004BCD7B /* SpotfiyRecommendationsAPI.swift */,
				95D0268C276DA1DF004BCD7B /* SpotifyPlayerAPI.swift */,
			);
			path = Endpoint;
			sourceTree = "<group>";
		};
		95D026A3277243F9004BCD7B /* ViewModel */ = {
			isa = PBXGroup;
			children = (
				954AE28827743D60007CD15C /* HomeViewModel.swift */,
				958949C82778284200F3C8E3 /* PlaylistViewModel.swift */,
				954AE28A27743F89007CD15C /* SearchViewModel.swift */,
				958949D9277B715C00F3C8E3 /* SessionDetailsViewModel.swift */,
			);
			path = ViewModel;
			sourceTree = "<group>";
		};
/* End PBXGroup section */

/* Begin PBXNativeTarget section */
		95C7714D25944C1E00EDF930 /* TurnTune */ = {
			isa = PBXNativeTarget;
			buildConfigurationList = 95C7716225944C1F00EDF930 /* Build configuration list for PBXNativeTarget "TurnTune" */;
			buildPhases = (
				95C7714A25944C1E00EDF930 /* Sources */,
				95C7714B25944C1E00EDF930 /* Frameworks */,
				95C7714C25944C1E00EDF930 /* Resources */,
				95E62FB5273B99CC0032F115 /* Embed Frameworks */,
			);
			buildRules = (
			);
			dependencies = (
			);
			name = TurnTune;
			packageProductDependencies = (
				95DDD0E3273B9D3100B47135 /* FirebaseAnalytics */,
				95DDD0E5273B9D3100B47135 /* FirebaseAnalyticsSwift-Beta */,
				95DDD0E7273B9D3100B47135 /* FirebaseAuth */,
				95DDD0E9273B9D3100B47135 /* FirebaseAuthCombine-Community */,
				95DDD0EB273B9D3100B47135 /* FirebaseDatabase */,
				95DDD0ED273B9D3100B47135 /* FirebaseDatabaseSwift-Beta */,
				95DDD0EF273B9D3100B47135 /* FirebaseFirestore */,
				95DDD0F1273B9D3100B47135 /* FirebaseFirestoreCombine-Community */,
				95DDD0F3273B9D3100B47135 /* FirebaseFirestoreSwift-Beta */,
				95DDD0F5273B9D3100B47135 /* FirebaseFunctions */,
				95DDD0F7273B9D3100B47135 /* FirebaseFunctionsCombine-Community */,
				958949CF2779821B00F3C8E3 /* SDWebImage */,
				958949D12779821B00F3C8E3 /* SDWebImageMapKit */,
			);
			productName = TurnTune;
			productReference = 95C7714E25944C1E00EDF930 /* TurnTune.app */;
			productType = "com.apple.product-type.application";
		};
/* End PBXNativeTarget section */

/* Begin PBXProject section */
		95C7714625944C1E00EDF930 /* Project object */ = {
			isa = PBXProject;
			attributes = {
				LastSwiftUpdateCheck = 1230;
				LastUpgradeCheck = 1230;
				TargetAttributes = {
					95C7714D25944C1E00EDF930 = {
						CreatedOnToolsVersion = 12.3;
					};
				};
			};
			buildConfigurationList = 95C7714925944C1E00EDF930 /* Build configuration list for PBXProject "TurnTune" */;
			compatibilityVersion = "Xcode 9.3";
			developmentRegion = en;
			hasScannedForEncodings = 0;
			knownRegions = (
				en,
				Base,
			);
			mainGroup = 95C7714525944C1E00EDF930;
			packageReferences = (
				95DDD0E2273B9D3100B47135 /* XCRemoteSwiftPackageReference "firebase-ios-sdk" */,
				958949CE2779821B00F3C8E3 /* XCRemoteSwiftPackageReference "SDWebImage" */,
			);
			productRefGroup = 95C7714F25944C1E00EDF930 /* Products */;
			projectDirPath = "";
			projectRoot = "";
			targets = (
				95C7714D25944C1E00EDF930 /* TurnTune */,
			);
		};
/* End PBXProject section */

/* Begin PBXResourcesBuildPhase section */
		95C7714C25944C1E00EDF930 /* Resources */ = {
			isa = PBXResourcesBuildPhase;
			buildActionMask = 2147483647;
			files = (
				95C7715E25944C1F00EDF930 /* LaunchScreen.storyboard in Resources */,
				95C7716D2597F07100EDF930 /* GoogleService-Info.plist in Resources */,
				95C7715B25944C1F00EDF930 /* Assets.xcassets in Resources */,
				95C7715925944C1E00EDF930 /* Main.storyboard in Resources */,
			);
			runOnlyForDeploymentPostprocessing = 0;
		};
/* End PBXResourcesBuildPhase section */

/* Begin PBXSourcesBuildPhase section */
		95C7714A25944C1E00EDF930 /* Sources */ = {
			isa = PBXSourcesBuildPhase;
			buildActionMask = 2147483647;
			files = (
				95D02692276DA1DF004BCD7B /* SpotifyReponseModels.swift in Sources */,
				95D02672276D9B03004BCD7B /* HTTPMethod.swift in Sources */,
				9584F2A52744DB080018FBFB /* SearchTableViewCell.swift in Sources */,
				95C6C68C27494E9300C590DB /* MemberTableViewCell.swift in Sources */,
				95D02699276DA1DF004BCD7B /* SpotifyPlayerAPI.swift in Sources */,
				958949CB2779677A00F3C8E3 /* SearchResultItem.swift in Sources */,
				95D9747025B41CB9000286C9 /* HomeViewController.swift in Sources */,
				95D02698276DA1DF004BCD7B /* SpotfiyRecommendationsAPI.swift in Sources */,
				95D02669276D98D1004BCD7B /* APIClient.swift in Sources */,
				95D0269F276EDD09004BCD7B /* SpotifyCredentials.swift in Sources */,
				95C6C694274CA5EA00C590DB /* RemoteRepository.swift in Sources */,
				958CDBFD273F484B00001DB9 /* SwitchControl.swift in Sources */,
				95D02694276DA1DF004BCD7B /* SpotifyAPIEndpoint.swift in Sources */,
				9584F2A32744CD130018FBFB /* SearchViewController.swift in Sources */,
				9584F2A72747750A0018FBFB /* SessionDetailsViewController.swift in Sources */,
				95D0267D276DA099004BCD7B /* UserDefaultsProperty.swift in Sources */,
				95D02697276DA1DF004BCD7B /* SpotifySearchAPI.swift in Sources */,
				9584F2A12741FCFA0018FBFB /* PlaylistTableViewCell.swift in Sources */,
				958949C92778284200F3C8E3 /* PlaylistViewModel.swift in Sources */,
				95C6C68F274CA46A00C590DB /* FirestoreRepository.swift in Sources */,
				9584F29E2741F6010018FBFB /* PlaylistViewController.swift in Sources */,
				95D02696276DA1DF004BCD7B /* SpotifyAccountsAPI.swift in Sources */,
				9515B338273B901100CADB77 /* FormView.swift in Sources */,
				95C7715225944C1E00EDF930 /* AppDelegate.swift in Sources */,
				954AE28B27743F89007CD15C /* SearchViewModel.swift in Sources */,
				95D02695276DA1DF004BCD7B /* SpotifyUserProfileAPI.swift in Sources */,
				958949D8277A3DC400F3C8E3 /* Member.swift in Sources */,
				95C6C696274CA60F00C590DB /* FirestoreDocument.swift in Sources */,
				95D0266B276D9903004BCD7B /* APIEndpoint.swift in Sources */,
				95C7715425944C1E00EDF930 /* SceneDelegate.swift in Sources */,
				95D0269A276DA1DF004BCD7B /* SpotifyAPIClient.swift in Sources */,
				958949D6277A3D0900F3C8E3 /* Session.swift in Sources */,
				95D0266D276D9909004BCD7B /* APIRequest.swift in Sources */,
				95D02679276D9FFB004BCD7B /* UserDefaultsRepository.swift in Sources */,
				958949DA277B715C00F3C8E3 /* SessionDetailsViewModel.swift in Sources */,
				954AE28927743D60007CD15C /* HomeViewModel.swift in Sources */,
				95D02674276D9B03004BCD7B /* HTTPAuthorization.swift in Sources */,
				95D0269C276DCE43004BCD7B /* ClientError.swift in Sources */,
				95C6C698274CAC9400C590DB /* RepositoryError.swift in Sources */,
				958949CD2779679400F3C8E3 /* Song.swift in Sources */,
			);
			runOnlyForDeploymentPostprocessing = 0;
		};
/* End PBXSourcesBuildPhase section */

/* Begin PBXVariantGroup section */
		95C7715725944C1E00EDF930 /* Main.storyboard */ = {
			isa = PBXVariantGroup;
			children = (
				95C7715825944C1E00EDF930 /* Base */,
			);
			name = Main.storyboard;
			sourceTree = "<group>";
		};
		95C7715C25944C1F00EDF930 /* LaunchScreen.storyboard */ = {
			isa = PBXVariantGroup;
			children = (
				95C7715D25944C1F00EDF930 /* Base */,
			);
			name = LaunchScreen.storyboard;
			sourceTree = "<group>";
		};
/* End PBXVariantGroup section */

/* Begin XCBuildConfiguration section */
		95C7716025944C1F00EDF930 /* Debug */ = {
			isa = XCBuildConfiguration;
			buildSettings = {
				ALWAYS_SEARCH_USER_PATHS = NO;
				CLANG_ANALYZER_NONNULL = YES;
				CLANG_ANALYZER_NUMBER_OBJECT_CONVERSION = YES_AGGRESSIVE;
				CLANG_CXX_LANGUAGE_STANDARD = "gnu++14";
				CLANG_CXX_LIBRARY = "libc++";
				CLANG_ENABLE_MODULES = YES;
				CLANG_ENABLE_OBJC_ARC = YES;
				CLANG_ENABLE_OBJC_WEAK = YES;
				CLANG_WARN_BLOCK_CAPTURE_AUTORELEASING = YES;
				CLANG_WARN_BOOL_CONVERSION = YES;
				CLANG_WARN_COMMA = YES;
				CLANG_WARN_CONSTANT_CONVERSION = YES;
				CLANG_WARN_DEPRECATED_OBJC_IMPLEMENTATIONS = YES;
				CLANG_WARN_DIRECT_OBJC_ISA_USAGE = YES_ERROR;
				CLANG_WARN_DOCUMENTATION_COMMENTS = YES;
				CLANG_WARN_EMPTY_BODY = YES;
				CLANG_WARN_ENUM_CONVERSION = YES;
				CLANG_WARN_INFINITE_RECURSION = YES;
				CLANG_WARN_INT_CONVERSION = YES;
				CLANG_WARN_NON_LITERAL_NULL_CONVERSION = YES;
				CLANG_WARN_OBJC_IMPLICIT_RETAIN_SELF = YES;
				CLANG_WARN_OBJC_LITERAL_CONVERSION = YES;
				CLANG_WARN_OBJC_ROOT_CLASS = YES_ERROR;
				CLANG_WARN_QUOTED_INCLUDE_IN_FRAMEWORK_HEADER = YES;
				CLANG_WARN_RANGE_LOOP_ANALYSIS = YES;
				CLANG_WARN_STRICT_PROTOTYPES = YES;
				CLANG_WARN_SUSPICIOUS_MOVE = YES;
				CLANG_WARN_UNGUARDED_AVAILABILITY = YES_AGGRESSIVE;
				CLANG_WARN_UNREACHABLE_CODE = YES;
				CLANG_WARN__DUPLICATE_METHOD_MATCH = YES;
				COPY_PHASE_STRIP = NO;
				DEBUG_INFORMATION_FORMAT = dwarf;
				ENABLE_STRICT_OBJC_MSGSEND = YES;
				ENABLE_TESTABILITY = YES;
				GCC_C_LANGUAGE_STANDARD = gnu11;
				GCC_DYNAMIC_NO_PIC = NO;
				GCC_NO_COMMON_BLOCKS = YES;
				GCC_OPTIMIZATION_LEVEL = 0;
				GCC_PREPROCESSOR_DEFINITIONS = (
					"DEBUG=1",
					"$(inherited)",
				);
				GCC_WARN_64_TO_32_BIT_CONVERSION = YES;
				GCC_WARN_ABOUT_RETURN_TYPE = YES_ERROR;
				GCC_WARN_UNDECLARED_SELECTOR = YES;
				GCC_WARN_UNINITIALIZED_AUTOS = YES_AGGRESSIVE;
				GCC_WARN_UNUSED_FUNCTION = YES;
				GCC_WARN_UNUSED_VARIABLE = YES;
				IPHONEOS_DEPLOYMENT_TARGET = 13.0;
				MTL_ENABLE_DEBUG_INFO = INCLUDE_SOURCE;
				MTL_FAST_MATH = YES;
				ONLY_ACTIVE_ARCH = YES;
				SDKROOT = iphoneos;
				SWIFT_ACTIVE_COMPILATION_CONDITIONS = DEBUG;
				SWIFT_OPTIMIZATION_LEVEL = "-Onone";
			};
			name = Debug;
		};
		95C7716125944C1F00EDF930 /* Release */ = {
			isa = XCBuildConfiguration;
			buildSettings = {
				ALWAYS_SEARCH_USER_PATHS = NO;
				CLANG_ANALYZER_NONNULL = YES;
				CLANG_ANALYZER_NUMBER_OBJECT_CONVERSION = YES_AGGRESSIVE;
				CLANG_CXX_LANGUAGE_STANDARD = "gnu++14";
				CLANG_CXX_LIBRARY = "libc++";
				CLANG_ENABLE_MODULES = YES;
				CLANG_ENABLE_OBJC_ARC = YES;
				CLANG_ENABLE_OBJC_WEAK = YES;
				CLANG_WARN_BLOCK_CAPTURE_AUTORELEASING = YES;
				CLANG_WARN_BOOL_CONVERSION = YES;
				CLANG_WARN_COMMA = YES;
				CLANG_WARN_CONSTANT_CONVERSION = YES;
				CLANG_WARN_DEPRECATED_OBJC_IMPLEMENTATIONS = YES;
				CLANG_WARN_DIRECT_OBJC_ISA_USAGE = YES_ERROR;
				CLANG_WARN_DOCUMENTATION_COMMENTS = YES;
				CLANG_WARN_EMPTY_BODY = YES;
				CLANG_WARN_ENUM_CONVERSION = YES;
				CLANG_WARN_INFINITE_RECURSION = YES;
				CLANG_WARN_INT_CONVERSION = YES;
				CLANG_WARN_NON_LITERAL_NULL_CONVERSION = YES;
				CLANG_WARN_OBJC_IMPLICIT_RETAIN_SELF = YES;
				CLANG_WARN_OBJC_LITERAL_CONVERSION = YES;
				CLANG_WARN_OBJC_ROOT_CLASS = YES_ERROR;
				CLANG_WARN_QUOTED_INCLUDE_IN_FRAMEWORK_HEADER = YES;
				CLANG_WARN_RANGE_LOOP_ANALYSIS = YES;
				CLANG_WARN_STRICT_PROTOTYPES = YES;
				CLANG_WARN_SUSPICIOUS_MOVE = YES;
				CLANG_WARN_UNGUARDED_AVAILABILITY = YES_AGGRESSIVE;
				CLANG_WARN_UNREACHABLE_CODE = YES;
				CLANG_WARN__DUPLICATE_METHOD_MATCH = YES;
				COPY_PHASE_STRIP = NO;
				DEBUG_INFORMATION_FORMAT = "dwarf-with-dsym";
				ENABLE_NS_ASSERTIONS = NO;
				ENABLE_STRICT_OBJC_MSGSEND = YES;
				GCC_C_LANGUAGE_STANDARD = gnu11;
				GCC_NO_COMMON_BLOCKS = YES;
				GCC_WARN_64_TO_32_BIT_CONVERSION = YES;
				GCC_WARN_ABOUT_RETURN_TYPE = YES_ERROR;
				GCC_WARN_UNDECLARED_SELECTOR = YES;
				GCC_WARN_UNINITIALIZED_AUTOS = YES_AGGRESSIVE;
				GCC_WARN_UNUSED_FUNCTION = YES;
				GCC_WARN_UNUSED_VARIABLE = YES;
				IPHONEOS_DEPLOYMENT_TARGET = 13.0;
				MTL_ENABLE_DEBUG_INFO = NO;
				MTL_FAST_MATH = YES;
				SDKROOT = iphoneos;
				SWIFT_COMPILATION_MODE = wholemodule;
				SWIFT_OPTIMIZATION_LEVEL = "-O";
				VALIDATE_PRODUCT = YES;
			};
			name = Release;
		};
		95C7716325944C1F00EDF930 /* Debug */ = {
			isa = XCBuildConfiguration;
			buildSettings = {
				ASSETCATALOG_COMPILER_APPICON_NAME = AppIcon;
				ASSETCATALOG_COMPILER_GLOBAL_ACCENT_COLOR_NAME = AccentColor;
				CODE_SIGN_STYLE = Automatic;
				DEVELOPMENT_TEAM = RUKEA88AF2;
				FRAMEWORK_SEARCH_PATHS = (
					"$(inherited)",
					"$(PROJECT_DIR)",
				);
				INFOPLIST_FILE = TurnTune/Info.plist;
				LD_RUNPATH_SEARCH_PATHS = (
					"$(inherited)",
					"@executable_path/Frameworks",
				);
				PRODUCT_BUNDLE_IDENTIFIER = com.louismenacho.TurnTune;
				PRODUCT_NAME = "$(TARGET_NAME)";
				SWIFT_OBJC_BRIDGING_HEADER = "TurnTune/TurnTune-Bridging-Header.h";
				SWIFT_VERSION = 5.0;
				TARGETED_DEVICE_FAMILY = 1;
			};
			name = Debug;
		};
		95C7716425944C1F00EDF930 /* Release */ = {
			isa = XCBuildConfiguration;
			buildSettings = {
				ASSETCATALOG_COMPILER_APPICON_NAME = AppIcon;
				ASSETCATALOG_COMPILER_GLOBAL_ACCENT_COLOR_NAME = AccentColor;
				CODE_SIGN_STYLE = Automatic;
				DEVELOPMENT_TEAM = RUKEA88AF2;
				FRAMEWORK_SEARCH_PATHS = (
					"$(inherited)",
					"$(PROJECT_DIR)",
				);
				INFOPLIST_FILE = TurnTune/Info.plist;
				LD_RUNPATH_SEARCH_PATHS = (
					"$(inherited)",
					"@executable_path/Frameworks",
				);
				PRODUCT_BUNDLE_IDENTIFIER = com.louismenacho.TurnTune;
				PRODUCT_NAME = "$(TARGET_NAME)";
				SWIFT_OBJC_BRIDGING_HEADER = "TurnTune/TurnTune-Bridging-Header.h";
				SWIFT_VERSION = 5.0;
				TARGETED_DEVICE_FAMILY = 1;
			};
			name = Release;
		};
/* End XCBuildConfiguration section */

/* Begin XCConfigurationList section */
		95C7714925944C1E00EDF930 /* Build configuration list for PBXProject "TurnTune" */ = {
			isa = XCConfigurationList;
			buildConfigurations = (
				95C7716025944C1F00EDF930 /* Debug */,
				95C7716125944C1F00EDF930 /* Release */,
			);
			defaultConfigurationIsVisible = 0;
			defaultConfigurationName = Release;
		};
		95C7716225944C1F00EDF930 /* Build configuration list for PBXNativeTarget "TurnTune" */ = {
			isa = XCConfigurationList;
			buildConfigurations = (
				95C7716325944C1F00EDF930 /* Debug */,
				95C7716425944C1F00EDF930 /* Release */,
			);
			defaultConfigurationIsVisible = 0;
			defaultConfigurationName = Release;
		};
/* End XCConfigurationList section */

/* Begin XCRemoteSwiftPackageReference section */
		958949CE2779821B00F3C8E3 /* XCRemoteSwiftPackageReference "SDWebImage" */ = {
			isa = XCRemoteSwiftPackageReference;
			repositoryURL = "https://github.com/SDWebImage/SDWebImage";
			requirement = {
				kind = upToNextMajorVersion;
				minimumVersion = 5.0.0;
			};
		};
		95DDD0E2273B9D3100B47135 /* XCRemoteSwiftPackageReference "firebase-ios-sdk" */ = {
			isa = XCRemoteSwiftPackageReference;
			repositoryURL = "https://github.com/firebase/firebase-ios-sdk.git";
			requirement = {
				kind = upToNextMajorVersion;
				minimumVersion = 8.0.0;
			};
		};
/* End XCRemoteSwiftPackageReference section */

/* Begin XCSwiftPackageProductDependency section */
		958949CF2779821B00F3C8E3 /* SDWebImage */ = {
			isa = XCSwiftPackageProductDependency;
			package = 958949CE2779821B00F3C8E3 /* XCRemoteSwiftPackageReference "SDWebImage" */;
			productName = SDWebImage;
		};
		958949D12779821B00F3C8E3 /* SDWebImageMapKit */ = {
			isa = XCSwiftPackageProductDependency;
			package = 958949CE2779821B00F3C8E3 /* XCRemoteSwiftPackageReference "SDWebImage" */;
			productName = SDWebImageMapKit;
		};
		95DDD0E3273B9D3100B47135 /* FirebaseAnalytics */ = {
			isa = XCSwiftPackageProductDependency;
			package = 95DDD0E2273B9D3100B47135 /* XCRemoteSwiftPackageReference "firebase-ios-sdk" */;
			productName = FirebaseAnalytics;
		};
		95DDD0E5273B9D3100B47135 /* FirebaseAnalyticsSwift-Beta */ = {
			isa = XCSwiftPackageProductDependency;
			package = 95DDD0E2273B9D3100B47135 /* XCRemoteSwiftPackageReference "firebase-ios-sdk" */;
			productName = "FirebaseAnalyticsSwift-Beta";
		};
		95DDD0E7273B9D3100B47135 /* FirebaseAuth */ = {
			isa = XCSwiftPackageProductDependency;
			package = 95DDD0E2273B9D3100B47135 /* XCRemoteSwiftPackageReference "firebase-ios-sdk" */;
			productName = FirebaseAuth;
		};
		95DDD0E9273B9D3100B47135 /* FirebaseAuthCombine-Community */ = {
			isa = XCSwiftPackageProductDependency;
			package = 95DDD0E2273B9D3100B47135 /* XCRemoteSwiftPackageReference "firebase-ios-sdk" */;
			productName = "FirebaseAuthCombine-Community";
		};
		95DDD0EB273B9D3100B47135 /* FirebaseDatabase */ = {
			isa = XCSwiftPackageProductDependency;
			package = 95DDD0E2273B9D3100B47135 /* XCRemoteSwiftPackageReference "firebase-ios-sdk" */;
			productName = FirebaseDatabase;
		};
		95DDD0ED273B9D3100B47135 /* FirebaseDatabaseSwift-Beta */ = {
			isa = XCSwiftPackageProductDependency;
			package = 95DDD0E2273B9D3100B47135 /* XCRemoteSwiftPackageReference "firebase-ios-sdk" */;
			productName = "FirebaseDatabaseSwift-Beta";
		};
		95DDD0EF273B9D3100B47135 /* FirebaseFirestore */ = {
			isa = XCSwiftPackageProductDependency;
			package = 95DDD0E2273B9D3100B47135 /* XCRemoteSwiftPackageReference "firebase-ios-sdk" */;
			productName = FirebaseFirestore;
		};
		95DDD0F1273B9D3100B47135 /* FirebaseFirestoreCombine-Community */ = {
			isa = XCSwiftPackageProductDependency;
			package = 95DDD0E2273B9D3100B47135 /* XCRemoteSwiftPackageReference "firebase-ios-sdk" */;
			productName = "FirebaseFirestoreCombine-Community";
		};
		95DDD0F3273B9D3100B47135 /* FirebaseFirestoreSwift-Beta */ = {
			isa = XCSwiftPackageProductDependency;
			package = 95DDD0E2273B9D3100B47135 /* XCRemoteSwiftPackageReference "firebase-ios-sdk" */;
			productName = "FirebaseFirestoreSwift-Beta";
		};
		95DDD0F5273B9D3100B47135 /* FirebaseFunctions */ = {
			isa = XCSwiftPackageProductDependency;
			package = 95DDD0E2273B9D3100B47135 /* XCRemoteSwiftPackageReference "firebase-ios-sdk" */;
			productName = FirebaseFunctions;
		};
		95DDD0F7273B9D3100B47135 /* FirebaseFunctionsCombine-Community */ = {
			isa = XCSwiftPackageProductDependency;
			package = 95DDD0E2273B9D3100B47135 /* XCRemoteSwiftPackageReference "firebase-ios-sdk" */;
			productName = "FirebaseFunctionsCombine-Community";
		};
/* End XCSwiftPackageProductDependency section */
	};
	rootObject = 95C7714625944C1E00EDF930 /* Project object */;
}
